// !$*UTF8*$!
{
	archiveVersion = 1;
	classes = {
	};
	objectVersion = 46;
	objects = {

/* Begin PBXBuildFile section */
		FA503DB914A56FDB00BFE121 /* ANBasicTokenOperator.m in Sources */ = {isa = PBXBuildFile; fileRef = FA503DAB14A56FDB00BFE121 /* ANBasicTokenOperator.m */; };
		FA503DBA14A56FDB00BFE121 /* ANBasicTokenFunction.m in Sources */ = {isa = PBXBuildFile; fileRef = FA503DAD14A56FDB00BFE121 /* ANBasicTokenFunction.m */; };
		FA503DBB14A56FDB00BFE121 /* ANBasicTokenControl.m in Sources */ = {isa = PBXBuildFile; fileRef = FA503DAE14A56FDB00BFE121 /* ANBasicTokenControl.m */; };
		FA503DBC14A56FDB00BFE121 /* ANBasicTokenString.m in Sources */ = {isa = PBXBuildFile; fileRef = FA503DB114A56FDB00BFE121 /* ANBasicTokenString.m */; };
		FA503DBD14A56FDB00BFE121 /* ANBasicTokenVariable.m in Sources */ = {isa = PBXBuildFile; fileRef = FA503DB314A56FDB00BFE121 /* ANBasicTokenVariable.m */; };
		FA503DBE14A56FDB00BFE121 /* ANBasicTokenNumber.m in Sources */ = {isa = PBXBuildFile; fileRef = FA503DB414A56FDB00BFE121 /* ANBasicTokenNumber.m */; };
		FA503DBF14A56FDB00BFE121 /* ANBasicToken.m in Sources */ = {isa = PBXBuildFile; fileRef = FA503DB714A56FDB00BFE121 /* ANBasicToken.m */; };
		FA503DC414A56FEF00BFE121 /* ANBasicTokenizer.m in Sources */ = {isa = PBXBuildFile; fileRef = FA503DC014A56FEF00BFE121 /* ANBasicTokenizer.m */; };
		FA503DC514A56FEF00BFE121 /* ANBasicTokenizedScript.m in Sources */ = {isa = PBXBuildFile; fileRef = FA503DC114A56FEF00BFE121 /* ANBasicTokenizedScript.m */; };
		FA503DCC14A5701900BFE121 /* ANBasicTokenGrouper.m in Sources */ = {isa = PBXBuildFile; fileRef = FA503DC614A5701900BFE121 /* ANBasicTokenGrouper.m */; };
		FA503DCD14A5701900BFE121 /* ANBasicTokenBlock.m in Sources */ = {isa = PBXBuildFile; fileRef = FA503DC814A5701900BFE121 /* ANBasicTokenBlock.m */; };
		FA503DCE14A5701900BFE121 /* ANBasicTokenEOF.m in Sources */ = {isa = PBXBuildFile; fileRef = FA503DCB14A5701900BFE121 /* ANBasicTokenEOF.m */; };
		FA503DDB14A5702D00BFE121 /* ANBasicTokenLabelControlBlock.m in Sources */ = {isa = PBXBuildFile; fileRef = FA503DCF14A5702D00BFE121 /* ANBasicTokenLabelControlBlock.m */; };
		FA503DDC14A5702D00BFE121 /* ANBasicTokenGotoControlBlock.m in Sources */ = {isa = PBXBuildFile; fileRef = FA503DD014A5702D00BFE121 /* ANBasicTokenGotoControlBlock.m */; };
		FA503DDD14A5702D00BFE121 /* ANBasicTokenForControlBlock.m in Sources */ = {isa = PBXBuildFile; fileRef = FA503DD414A5702D00BFE121 /* ANBasicTokenForControlBlock.m */; };
		FA503DDE14A5702D00BFE121 /* ANBasicTokenWhileControlBlock.m in Sources */ = {isa = PBXBuildFile; fileRef = FA503DD514A5702D00BFE121 /* ANBasicTokenWhileControlBlock.m */; };
		FA503DDF14A5702D00BFE121 /* ANBasicTokenIfControlBlock.m in Sources */ = {isa = PBXBuildFile; fileRef = FA503DD914A5702D00BFE121 /* ANBasicTokenIfControlBlock.m */; };
		FA503DE014A5702D00BFE121 /* ANBasicTokenControlBlock.m in Sources */ = {isa = PBXBuildFile; fileRef = FA503DDA14A5702D00BFE121 /* ANBasicTokenControlBlock.m */; };
		FA503E0114A64D5A00BFE121 /* ANBasicByteBuffer.m in Sources */ = {isa = PBXBuildFile; fileRef = FA503E0014A64D5A00BFE121 /* ANBasicByteBuffer.m */; };
		FA503E0514A64E7900BFE121 /* ANBasicToken+MCObject.m in Sources */ = {isa = PBXBuildFile; fileRef = FA503E0414A64E7900BFE121 /* ANBasicToken+MCObject.m */; };
		FA503E0814A64EF900BFE121 /* ANBasicTokenOperator+MCObject.m in Sources */ = {isa = PBXBuildFile; fileRef = FA503E0714A64EF900BFE121 /* ANBasicTokenOperator+MCObject.m */; };
		FA503E0B14A652CE00BFE121 /* ANBasicTokenString+MCObject.m in Sources */ = {isa = PBXBuildFile; fileRef = FA503E0A14A652CE00BFE121 /* ANBasicTokenString+MCObject.m */; };
		FA503E0E14A653E200BFE121 /* ANBasicTokenVariable+MCObject.m in Sources */ = {isa = PBXBuildFile; fileRef = FA503E0D14A653E200BFE121 /* ANBasicTokenVariable+MCObject.m */; };
		FA503E1114A65C7E00BFE121 /* ANBasicTokenBlock+MCObject.m in Sources */ = {isa = PBXBuildFile; fileRef = FA503E1014A65C7E00BFE121 /* ANBasicTokenBlock+MCObject.m */; };
		FA50F487149CE20C0080E7B6 /* Foundation.framework in Frameworks */ = {isa = PBXBuildFile; fileRef = FA50F486149CE20C0080E7B6 /* Foundation.framework */; };
		FA50F48A149CE20C0080E7B6 /* main.m in Sources */ = {isa = PBXBuildFile; fileRef = FA50F489149CE20C0080E7B6 /* main.m */; };
		FA50F48E149CE20C0080E7B6 /* ANBasicCompiler.1 in CopyFiles */ = {isa = PBXBuildFile; fileRef = FA50F48D149CE20C0080E7B6 /* ANBasicCompiler.1 */; };
		FA570B9414AA4F70001EF295 /* Foundation.framework in Frameworks */ = {isa = PBXBuildFile; fileRef = FA50F486149CE20C0080E7B6 /* Foundation.framework */; };
		FA570B9714AA4F70001EF295 /* main.m in Sources */ = {isa = PBXBuildFile; fileRef = FA570B9614AA4F70001EF295 /* main.m */; };
		FA570B9B14AA4F70001EF295 /* ANBasicRuntime.1 in CopyFiles */ = {isa = PBXBuildFile; fileRef = FA570B9A14AA4F70001EF295 /* ANBasicRuntime.1 */; };
		FA570BA014AA4F8A001EF295 /* ANBasicToken.m in Sources */ = {isa = PBXBuildFile; fileRef = FA503DB714A56FDB00BFE121 /* ANBasicToken.m */; };
		FA570BA214AA4F8A001EF295 /* ANBasicTokenOperator.m in Sources */ = {isa = PBXBuildFile; fileRef = FA503DAB14A56FDB00BFE121 /* ANBasicTokenOperator.m */; };
		FA570BA414AA4F8A001EF295 /* ANBasicTokenControl.m in Sources */ = {isa = PBXBuildFile; fileRef = FA503DAE14A56FDB00BFE121 /* ANBasicTokenControl.m */; };
		FA570BA614AA4F8A001EF295 /* ANBasicTokenFunction.m in Sources */ = {isa = PBXBuildFile; fileRef = FA503DAD14A56FDB00BFE121 /* ANBasicTokenFunction.m */; };
		FA570BA814AA4F8A001EF295 /* ANBasicTokenString.m in Sources */ = {isa = PBXBuildFile; fileRef = FA503DB114A56FDB00BFE121 /* ANBasicTokenString.m */; };
		FA570BAA14AA4F8A001EF295 /* ANBasicTokenVariable.m in Sources */ = {isa = PBXBuildFile; fileRef = FA503DB314A56FDB00BFE121 /* ANBasicTokenVariable.m */; };
		FA570BAC14AA4F8A001EF295 /* ANBasicTokenNumber.m in Sources */ = {isa = PBXBuildFile; fileRef = FA503DB414A56FDB00BFE121 /* ANBasicTokenNumber.m */; };
		FA570BAE14AA4F93001EF295 /* ANBasicByteBuffer.m in Sources */ = {isa = PBXBuildFile; fileRef = FA503E0014A64D5A00BFE121 /* ANBasicByteBuffer.m */; };
		FA570BB014AA4F93001EF295 /* ANFloatingPoint.m in Sources */ = {isa = PBXBuildFile; fileRef = FAD56EA114A7ECCD002E452F /* ANFloatingPoint.m */; };
		FA570BB214AA4FA3001EF295 /* ANBasicTokenControlBlock.m in Sources */ = {isa = PBXBuildFile; fileRef = FA503DDA14A5702D00BFE121 /* ANBasicTokenControlBlock.m */; };
		FA570BB414AA4FA3001EF295 /* ANBasicTokenLabelControlBlock.m in Sources */ = {isa = PBXBuildFile; fileRef = FA503DCF14A5702D00BFE121 /* ANBasicTokenLabelControlBlock.m */; };
		FA570BB614AA4FA3001EF295 /* ANBasicTokenGotoControlBlock.m in Sources */ = {isa = PBXBuildFile; fileRef = FA503DD014A5702D00BFE121 /* ANBasicTokenGotoControlBlock.m */; };
		FA570BB814AA4FA3001EF295 /* ANBasicTokenForControlBlock.m in Sources */ = {isa = PBXBuildFile; fileRef = FA503DD414A5702D00BFE121 /* ANBasicTokenForControlBlock.m */; };
		FA570BBA14AA4FA3001EF295 /* ANBasicTokenWhileControlBlock.m in Sources */ = {isa = PBXBuildFile; fileRef = FA503DD514A5702D00BFE121 /* ANBasicTokenWhileControlBlock.m */; };
		FA570BBC14AA4FA3001EF295 /* ANBasicTokenIfControlBlock.m in Sources */ = {isa = PBXBuildFile; fileRef = FA503DD914A5702D00BFE121 /* ANBasicTokenIfControlBlock.m */; };
		FA570BBE14AA4FA3001EF295 /* ANBasicTokenBlock.m in Sources */ = {isa = PBXBuildFile; fileRef = FA503DC814A5701900BFE121 /* ANBasicTokenBlock.m */; };
		FA570BBF14AA4FBD001EF295 /* ANBasicTokenControlBlock+MCObject.m in Sources */ = {isa = PBXBuildFile; fileRef = FAD56EAE14A7F3CC002E452F /* ANBasicTokenControlBlock+MCObject.m */; };
		FA570BC014AA4FBD001EF295 /* ANBasicTokenIfControlBlock+MCObject.m in Sources */ = {isa = PBXBuildFile; fileRef = FAD56EB114A7F584002E452F /* ANBasicTokenIfControlBlock+MCObject.m */; };
		FA570BC114AA4FBD001EF295 /* ANBasicTokenForControlBlock+MCObject.m in Sources */ = {isa = PBXBuildFile; fileRef = FAD56EB414A7F7AD002E452F /* ANBasicTokenForControlBlock+MCObject.m */; };
		FA570BC214AA4FBD001EF295 /* ANBasicToken+MCObject.m in Sources */ = {isa = PBXBuildFile; fileRef = FA503E0414A64E7900BFE121 /* ANBasicToken+MCObject.m */; };
		FA570BC314AA4FBD001EF295 /* ANBasicTokenOperator+MCObject.m in Sources */ = {isa = PBXBuildFile; fileRef = FA503E0714A64EF900BFE121 /* ANBasicTokenOperator+MCObject.m */; };
		FA570BC414AA4FBD001EF295 /* ANBasicTokenString+MCObject.m in Sources */ = {isa = PBXBuildFile; fileRef = FA503E0A14A652CE00BFE121 /* ANBasicTokenString+MCObject.m */; };
		FA570BC514AA4FBD001EF295 /* ANBasicTokenVariable+MCObject.m in Sources */ = {isa = PBXBuildFile; fileRef = FA503E0D14A653E200BFE121 /* ANBasicTokenVariable+MCObject.m */; };
		FA570BC614AA4FBD001EF295 /* ANBasicTokenNumber+MCObject.m in Sources */ = {isa = PBXBuildFile; fileRef = FAD56EA414A7ED26002E452F /* ANBasicTokenNumber+MCObject.m */; };
		FA570BC714AA4FBD001EF295 /* ANBasicTokenBlock+MCObject.m in Sources */ = {isa = PBXBuildFile; fileRef = FA503E1014A65C7E00BFE121 /* ANBasicTokenBlock+MCObject.m */; };
		FA570BC814AA4FBD001EF295 /* ANBasicTokenFunction+MCObject.m in Sources */ = {isa = PBXBuildFile; fileRef = FAD56EA714A7EE52002E452F /* ANBasicTokenFunction+MCObject.m */; };
		FA570BC914AA4FBD001EF295 /* ANBasicTokenControl+MCObject.m in Sources */ = {isa = PBXBuildFile; fileRef = FAD56EAA14A7F1AF002E452F /* ANBasicTokenControl+MCObject.m */; };
		FA570BD414AA566B001EF295 /* ANBasicRuntimeState.m in Sources */ = {isa = PBXBuildFile; fileRef = FA570BCC14AA52A1001EF295 /* ANBasicRuntimeState.m */; };
		FA570BD514AA566B001EF295 /* ANBasicToken+BasicRuntime.m in Sources */ = {isa = PBXBuildFile; fileRef = FA570BCF14AA5473001EF295 /* ANBasicToken+BasicRuntime.m */; };
		FA570BD614AA566B001EF295 /* ANBasicTokenBlock+BasicRuntime.m in Sources */ = {isa = PBXBuildFile; fileRef = FA570BD214AA5657001EF295 /* ANBasicTokenBlock+BasicRuntime.m */; };
		FA570BDA14AA5817001EF295 /* ANBasicTokenNumber+BasicRuntime.m in Sources */ = {isa = PBXBuildFile; fileRef = FA570BD814AA580B001EF295 /* ANBasicTokenNumber+BasicRuntime.m */; };
		FA570BDE14AA5A47001EF295 /* ANBasicTokenVariable+BasicRuntime.m in Sources */ = {isa = PBXBuildFile; fileRef = FA570BDC14AA5884001EF295 /* ANBasicTokenVariable+BasicRuntime.m */; };
		FA8FBBF114AA70AE005D26AD /* ANBasicTokenOperator+BasicRuntime.m in Sources */ = {isa = PBXBuildFile; fileRef = FA8FBBEE14AA70A3005D26AD /* ANBasicTokenOperator+BasicRuntime.m */; };
		FA8FBBF914AA7675005D26AD /* ANBasicTokenWhileControlBlock+MCObject.m in Sources */ = {isa = PBXBuildFile; fileRef = FA8FBBF814AA7675005D26AD /* ANBasicTokenWhileControlBlock+MCObject.m */; };
		FA8FBBFB14AA7684005D26AD /* ANBasicTokenWhileControlBlock+MCObject.m in Sources */ = {isa = PBXBuildFile; fileRef = FA8FBBF814AA7675005D26AD /* ANBasicTokenWhileControlBlock+MCObject.m */; };
		FA8FBBFE14AA780A005D26AD /* ANBasicTokenGotoControlBlock+MCObject.m in Sources */ = {isa = PBXBuildFile; fileRef = FA8FBBFD14AA780A005D26AD /* ANBasicTokenGotoControlBlock+MCObject.m */; };
		FA8FBBFF14AA7811005D26AD /* ANBasicTokenGotoControlBlock+MCObject.m in Sources */ = {isa = PBXBuildFile; fileRef = FA8FBBFD14AA780A005D26AD /* ANBasicTokenGotoControlBlock+MCObject.m */; };
		FA8FBC0214AA7874005D26AD /* ANBasicTokenLabelControlBlock+MCObject.m in Sources */ = {isa = PBXBuildFile; fileRef = FA8FBC0114AA7874005D26AD /* ANBasicTokenLabelControlBlock+MCObject.m */; };
		FA8FBC0314AA787A005D26AD /* ANBasicTokenLabelControlBlock+MCObject.m in Sources */ = {isa = PBXBuildFile; fileRef = FA8FBC0114AA7874005D26AD /* ANBasicTokenLabelControlBlock+MCObject.m */; };
		FA8FBC0714AA7ACC005D26AD /* ANBasicTokenControl+BasicRuntime.m in Sources */ = {isa = PBXBuildFile; fileRef = FA8FBC0514AA7AB9005D26AD /* ANBasicTokenControl+BasicRuntime.m */; };
		FA8FBC0B14AA7C8F005D26AD /* ANBasicTokenControlBlock+BasicRuntime.m in Sources */ = {isa = PBXBuildFile; fileRef = FA8FBC0914AA7C7E005D26AD /* ANBasicTokenControlBlock+BasicRuntime.m */; };
		FA8FBC1114AA7EE0005D26AD /* ANBasicTokenGotoControlBlock+BasicRuntime.m in Sources */ = {isa = PBXBuildFile; fileRef = FA8FBC0E14AA7EBC005D26AD /* ANBasicTokenGotoControlBlock+BasicRuntime.m */; };
		FA8FBC1414AA7F5F005D26AD /* ANBasicTokenLabelControlBlock+BasicRuntime.m in Sources */ = {isa = PBXBuildFile; fileRef = FA8FBC1314AA7F5F005D26AD /* ANBasicTokenLabelControlBlock+BasicRuntime.m */; };
		FAD56EA214A7ECCD002E452F /* ANFloatingPoint.m in Sources */ = {isa = PBXBuildFile; fileRef = FAD56EA114A7ECCD002E452F /* ANFloatingPoint.m */; };
		FAD56EA514A7ED26002E452F /* ANBasicTokenNumber+MCObject.m in Sources */ = {isa = PBXBuildFile; fileRef = FAD56EA414A7ED26002E452F /* ANBasicTokenNumber+MCObject.m */; };
		FAD56EA814A7EE52002E452F /* ANBasicTokenFunction+MCObject.m in Sources */ = {isa = PBXBuildFile; fileRef = FAD56EA714A7EE52002E452F /* ANBasicTokenFunction+MCObject.m */; };
		FAD56EAB14A7F1AF002E452F /* ANBasicTokenControl+MCObject.m in Sources */ = {isa = PBXBuildFile; fileRef = FAD56EAA14A7F1AF002E452F /* ANBasicTokenControl+MCObject.m */; };
		FAD56EAF14A7F3CC002E452F /* ANBasicTokenControlBlock+MCObject.m in Sources */ = {isa = PBXBuildFile; fileRef = FAD56EAE14A7F3CC002E452F /* ANBasicTokenControlBlock+MCObject.m */; };
		FAD56EB214A7F584002E452F /* ANBasicTokenIfControlBlock+MCObject.m in Sources */ = {isa = PBXBuildFile; fileRef = FAD56EB114A7F584002E452F /* ANBasicTokenIfControlBlock+MCObject.m */; };
		FAD56EB514A7F7AD002E452F /* ANBasicTokenForControlBlock+MCObject.m in Sources */ = {isa = PBXBuildFile; fileRef = FAD56EB414A7F7AD002E452F /* ANBasicTokenForControlBlock+MCObject.m */; };
/* End PBXBuildFile section */

/* Begin PBXCopyFilesBuildPhase section */
		FA50F480149CE20C0080E7B6 /* CopyFiles */ = {
			isa = PBXCopyFilesBuildPhase;
			buildActionMask = 2147483647;
			dstPath = /usr/share/man/man1/;
			dstSubfolderSpec = 0;
			files = (
				FA50F48E149CE20C0080E7B6 /* ANBasicCompiler.1 in CopyFiles */,
			);
			runOnlyForDeploymentPostprocessing = 1;
		};
		FA570B9014AA4F70001EF295 /* CopyFiles */ = {
			isa = PBXCopyFilesBuildPhase;
			buildActionMask = 2147483647;
			dstPath = /usr/share/man/man1/;
			dstSubfolderSpec = 0;
			files = (
				FA570B9B14AA4F70001EF295 /* ANBasicRuntime.1 in CopyFiles */,
			);
			runOnlyForDeploymentPostprocessing = 1;
		};
/* End PBXCopyFilesBuildPhase section */

/* Begin PBXFileReference section */
		FA503DAB14A56FDB00BFE121 /* ANBasicTokenOperator.m */ = {isa = PBXFileReference; fileEncoding = 4; lastKnownFileType = sourcecode.c.objc; path = ANBasicTokenOperator.m; sourceTree = "<group>"; };
		FA503DAC14A56FDB00BFE121 /* ANBasicTokenOperator.h */ = {isa = PBXFileReference; fileEncoding = 4; lastKnownFileType = sourcecode.c.h; path = ANBasicTokenOperator.h; sourceTree = "<group>"; };
		FA503DAD14A56FDB00BFE121 /* ANBasicTokenFunction.m */ = {isa = PBXFileReference; fileEncoding = 4; lastKnownFileType = sourcecode.c.objc; path = ANBasicTokenFunction.m; sourceTree = "<group>"; };
		FA503DAE14A56FDB00BFE121 /* ANBasicTokenControl.m */ = {isa = PBXFileReference; fileEncoding = 4; lastKnownFileType = sourcecode.c.objc; path = ANBasicTokenControl.m; sourceTree = "<group>"; };
		FA503DAF14A56FDB00BFE121 /* ANBasicTokenControl.h */ = {isa = PBXFileReference; fileEncoding = 4; lastKnownFileType = sourcecode.c.h; path = ANBasicTokenControl.h; sourceTree = "<group>"; };
		FA503DB014A56FDB00BFE121 /* ANBasicTokenFunction.h */ = {isa = PBXFileReference; fileEncoding = 4; lastKnownFileType = sourcecode.c.h; path = ANBasicTokenFunction.h; sourceTree = "<group>"; };
		FA503DB114A56FDB00BFE121 /* ANBasicTokenString.m */ = {isa = PBXFileReference; fileEncoding = 4; lastKnownFileType = sourcecode.c.objc; path = ANBasicTokenString.m; sourceTree = "<group>"; };
		FA503DB214A56FDB00BFE121 /* ANBasicTokenString.h */ = {isa = PBXFileReference; fileEncoding = 4; lastKnownFileType = sourcecode.c.h; path = ANBasicTokenString.h; sourceTree = "<group>"; };
		FA503DB314A56FDB00BFE121 /* ANBasicTokenVariable.m */ = {isa = PBXFileReference; fileEncoding = 4; lastKnownFileType = sourcecode.c.objc; path = ANBasicTokenVariable.m; sourceTree = "<group>"; };
		FA503DB414A56FDB00BFE121 /* ANBasicTokenNumber.m */ = {isa = PBXFileReference; fileEncoding = 4; lastKnownFileType = sourcecode.c.objc; path = ANBasicTokenNumber.m; sourceTree = "<group>"; };
		FA503DB514A56FDB00BFE121 /* ANBasicTokenVariable.h */ = {isa = PBXFileReference; fileEncoding = 4; lastKnownFileType = sourcecode.c.h; path = ANBasicTokenVariable.h; sourceTree = "<group>"; };
		FA503DB614A56FDB00BFE121 /* ANBasicTokenNumber.h */ = {isa = PBXFileReference; fileEncoding = 4; lastKnownFileType = sourcecode.c.h; path = ANBasicTokenNumber.h; sourceTree = "<group>"; };
		FA503DB714A56FDB00BFE121 /* ANBasicToken.m */ = {isa = PBXFileReference; fileEncoding = 4; lastKnownFileType = sourcecode.c.objc; path = ANBasicToken.m; sourceTree = "<group>"; };
		FA503DB814A56FDB00BFE121 /* ANBasicToken.h */ = {isa = PBXFileReference; fileEncoding = 4; lastKnownFileType = sourcecode.c.h; path = ANBasicToken.h; sourceTree = "<group>"; };
		FA503DC014A56FEF00BFE121 /* ANBasicTokenizer.m */ = {isa = PBXFileReference; fileEncoding = 4; lastKnownFileType = sourcecode.c.objc; path = ANBasicTokenizer.m; sourceTree = "<group>"; };
		FA503DC114A56FEF00BFE121 /* ANBasicTokenizedScript.m */ = {isa = PBXFileReference; fileEncoding = 4; lastKnownFileType = sourcecode.c.objc; path = ANBasicTokenizedScript.m; sourceTree = "<group>"; };
		FA503DC214A56FEF00BFE121 /* ANBasicTokenizedScript.h */ = {isa = PBXFileReference; fileEncoding = 4; lastKnownFileType = sourcecode.c.h; path = ANBasicTokenizedScript.h; sourceTree = "<group>"; };
		FA503DC314A56FEF00BFE121 /* ANBasicTokenizer.h */ = {isa = PBXFileReference; fileEncoding = 4; lastKnownFileType = sourcecode.c.h; path = ANBasicTokenizer.h; sourceTree = "<group>"; };
		FA503DC614A5701900BFE121 /* ANBasicTokenGrouper.m */ = {isa = PBXFileReference; fileEncoding = 4; lastKnownFileType = sourcecode.c.objc; path = ANBasicTokenGrouper.m; sourceTree = "<group>"; };
		FA503DC714A5701900BFE121 /* ANBasicTokenGrouper.h */ = {isa = PBXFileReference; fileEncoding = 4; lastKnownFileType = sourcecode.c.h; path = ANBasicTokenGrouper.h; sourceTree = "<group>"; };
		FA503DC814A5701900BFE121 /* ANBasicTokenBlock.m */ = {isa = PBXFileReference; fileEncoding = 4; lastKnownFileType = sourcecode.c.objc; path = ANBasicTokenBlock.m; sourceTree = "<group>"; };
		FA503DC914A5701900BFE121 /* ANBasicTokenBlock.h */ = {isa = PBXFileReference; fileEncoding = 4; lastKnownFileType = sourcecode.c.h; path = ANBasicTokenBlock.h; sourceTree = "<group>"; };
		FA503DCA14A5701900BFE121 /* ANBasicTokenEOF.h */ = {isa = PBXFileReference; fileEncoding = 4; lastKnownFileType = sourcecode.c.h; path = ANBasicTokenEOF.h; sourceTree = "<group>"; };
		FA503DCB14A5701900BFE121 /* ANBasicTokenEOF.m */ = {isa = PBXFileReference; fileEncoding = 4; lastKnownFileType = sourcecode.c.objc; path = ANBasicTokenEOF.m; sourceTree = "<group>"; };
		FA503DCF14A5702D00BFE121 /* ANBasicTokenLabelControlBlock.m */ = {isa = PBXFileReference; fileEncoding = 4; lastKnownFileType = sourcecode.c.objc; path = ANBasicTokenLabelControlBlock.m; sourceTree = "<group>"; };
		FA503DD014A5702D00BFE121 /* ANBasicTokenGotoControlBlock.m */ = {isa = PBXFileReference; fileEncoding = 4; lastKnownFileType = sourcecode.c.objc; path = ANBasicTokenGotoControlBlock.m; sourceTree = "<group>"; };
		FA503DD114A5702D00BFE121 /* ANBasicTokenLabelControlBlock.h */ = {isa = PBXFileReference; fileEncoding = 4; lastKnownFileType = sourcecode.c.h; path = ANBasicTokenLabelControlBlock.h; sourceTree = "<group>"; };
		FA503DD214A5702D00BFE121 /* ANBasicTokenControlBlock.h */ = {isa = PBXFileReference; fileEncoding = 4; lastKnownFileType = sourcecode.c.h; path = ANBasicTokenControlBlock.h; sourceTree = "<group>"; };
		FA503DD314A5702D00BFE121 /* ANBasicTokenGotoControlBlock.h */ = {isa = PBXFileReference; fileEncoding = 4; lastKnownFileType = sourcecode.c.h; path = ANBasicTokenGotoControlBlock.h; sourceTree = "<group>"; };
		FA503DD414A5702D00BFE121 /* ANBasicTokenForControlBlock.m */ = {isa = PBXFileReference; fileEncoding = 4; lastKnownFileType = sourcecode.c.objc; path = ANBasicTokenForControlBlock.m; sourceTree = "<group>"; };
		FA503DD514A5702D00BFE121 /* ANBasicTokenWhileControlBlock.m */ = {isa = PBXFileReference; fileEncoding = 4; lastKnownFileType = sourcecode.c.objc; path = ANBasicTokenWhileControlBlock.m; sourceTree = "<group>"; };
		FA503DD614A5702D00BFE121 /* ANBasicTokenForControlBlock.h */ = {isa = PBXFileReference; fileEncoding = 4; lastKnownFileType = sourcecode.c.h; path = ANBasicTokenForControlBlock.h; sourceTree = "<group>"; };
		FA503DD714A5702D00BFE121 /* ANBasicTokenWhileControlBlock.h */ = {isa = PBXFileReference; fileEncoding = 4; lastKnownFileType = sourcecode.c.h; path = ANBasicTokenWhileControlBlock.h; sourceTree = "<group>"; };
		FA503DD814A5702D00BFE121 /* ANBasicTokenIfControlBlock.h */ = {isa = PBXFileReference; fileEncoding = 4; lastKnownFileType = sourcecode.c.h; path = ANBasicTokenIfControlBlock.h; sourceTree = "<group>"; };
		FA503DD914A5702D00BFE121 /* ANBasicTokenIfControlBlock.m */ = {isa = PBXFileReference; fileEncoding = 4; lastKnownFileType = sourcecode.c.objc; path = ANBasicTokenIfControlBlock.m; sourceTree = "<group>"; };
		FA503DDA14A5702D00BFE121 /* ANBasicTokenControlBlock.m */ = {isa = PBXFileReference; fileEncoding = 4; lastKnownFileType = sourcecode.c.objc; path = ANBasicTokenControlBlock.m; sourceTree = "<group>"; };
		FA503DFF14A64D5A00BFE121 /* ANBasicByteBuffer.h */ = {isa = PBXFileReference; fileEncoding = 4; lastKnownFileType = sourcecode.c.h; name = ANBasicByteBuffer.h; path = ../ANBasicByteBuffer.h; sourceTree = "<group>"; };
		FA503E0014A64D5A00BFE121 /* ANBasicByteBuffer.m */ = {isa = PBXFileReference; fileEncoding = 4; lastKnownFileType = sourcecode.c.objc; name = ANBasicByteBuffer.m; path = ../ANBasicByteBuffer.m; sourceTree = "<group>"; };
		FA503E0214A64DC300BFE121 /* ANBasicMCObject.h */ = {isa = PBXFileReference; fileEncoding = 4; lastKnownFileType = sourcecode.c.h; path = ANBasicMCObject.h; sourceTree = "<group>"; };
		FA503E0314A64E7900BFE121 /* ANBasicToken+MCObject.h */ = {isa = PBXFileReference; fileEncoding = 4; lastKnownFileType = sourcecode.c.h; path = "ANBasicToken+MCObject.h"; sourceTree = "<group>"; };
		FA503E0414A64E7900BFE121 /* ANBasicToken+MCObject.m */ = {isa = PBXFileReference; fileEncoding = 4; lastKnownFileType = sourcecode.c.objc; path = "ANBasicToken+MCObject.m"; sourceTree = "<group>"; };
		FA503E0614A64EF900BFE121 /* ANBasicTokenOperator+MCObject.h */ = {isa = PBXFileReference; fileEncoding = 4; lastKnownFileType = sourcecode.c.h; path = "ANBasicTokenOperator+MCObject.h"; sourceTree = "<group>"; };
		FA503E0714A64EF900BFE121 /* ANBasicTokenOperator+MCObject.m */ = {isa = PBXFileReference; fileEncoding = 4; lastKnownFileType = sourcecode.c.objc; path = "ANBasicTokenOperator+MCObject.m"; sourceTree = "<group>"; };
		FA503E0914A652CE00BFE121 /* ANBasicTokenString+MCObject.h */ = {isa = PBXFileReference; fileEncoding = 4; lastKnownFileType = sourcecode.c.h; path = "ANBasicTokenString+MCObject.h"; sourceTree = "<group>"; };
		FA503E0A14A652CE00BFE121 /* ANBasicTokenString+MCObject.m */ = {isa = PBXFileReference; fileEncoding = 4; lastKnownFileType = sourcecode.c.objc; path = "ANBasicTokenString+MCObject.m"; sourceTree = "<group>"; };
		FA503E0C14A653E200BFE121 /* ANBasicTokenVariable+MCObject.h */ = {isa = PBXFileReference; fileEncoding = 4; lastKnownFileType = sourcecode.c.h; path = "ANBasicTokenVariable+MCObject.h"; sourceTree = "<group>"; };
		FA503E0D14A653E200BFE121 /* ANBasicTokenVariable+MCObject.m */ = {isa = PBXFileReference; fileEncoding = 4; lastKnownFileType = sourcecode.c.objc; path = "ANBasicTokenVariable+MCObject.m"; sourceTree = "<group>"; };
		FA503E0F14A65C7E00BFE121 /* ANBasicTokenBlock+MCObject.h */ = {isa = PBXFileReference; fileEncoding = 4; lastKnownFileType = sourcecode.c.h; path = "ANBasicTokenBlock+MCObject.h"; sourceTree = "<group>"; };
		FA503E1014A65C7E00BFE121 /* ANBasicTokenBlock+MCObject.m */ = {isa = PBXFileReference; fileEncoding = 4; lastKnownFileType = sourcecode.c.objc; path = "ANBasicTokenBlock+MCObject.m"; sourceTree = "<group>"; };
		FA50F482149CE20C0080E7B6 /* ANBasicCompiler */ = {isa = PBXFileReference; explicitFileType = "compiled.mach-o.executable"; includeInIndex = 0; path = ANBasicCompiler; sourceTree = BUILT_PRODUCTS_DIR; };
		FA50F486149CE20C0080E7B6 /* Foundation.framework */ = {isa = PBXFileReference; lastKnownFileType = wrapper.framework; name = Foundation.framework; path = System/Library/Frameworks/Foundation.framework; sourceTree = SDKROOT; };
		FA50F489149CE20C0080E7B6 /* main.m */ = {isa = PBXFileReference; lastKnownFileType = sourcecode.c.objc; path = main.m; sourceTree = "<group>"; };
		FA50F48C149CE20C0080E7B6 /* ANBasicCompiler-Prefix.pch */ = {isa = PBXFileReference; lastKnownFileType = sourcecode.c.h; path = "ANBasicCompiler-Prefix.pch"; sourceTree = "<group>"; };
		FA50F48D149CE20C0080E7B6 /* ANBasicCompiler.1 */ = {isa = PBXFileReference; lastKnownFileType = text.man; path = ANBasicCompiler.1; sourceTree = "<group>"; };
		FA570B9214AA4F70001EF295 /* ANBasicRuntime */ = {isa = PBXFileReference; explicitFileType = "compiled.mach-o.executable"; includeInIndex = 0; path = ANBasicRuntime; sourceTree = BUILT_PRODUCTS_DIR; };
		FA570B9614AA4F70001EF295 /* main.m */ = {isa = PBXFileReference; lastKnownFileType = sourcecode.c.objc; path = main.m; sourceTree = "<group>"; };
		FA570B9914AA4F70001EF295 /* ANBasicRuntime-Prefix.pch */ = {isa = PBXFileReference; lastKnownFileType = sourcecode.c.h; path = "ANBasicRuntime-Prefix.pch"; sourceTree = "<group>"; };
		FA570B9A14AA4F70001EF295 /* ANBasicRuntime.1 */ = {isa = PBXFileReference; lastKnownFileType = text.man; path = ANBasicRuntime.1; sourceTree = "<group>"; };
		FA570BCB14AA52A1001EF295 /* ANBasicRuntimeState.h */ = {isa = PBXFileReference; fileEncoding = 4; lastKnownFileType = sourcecode.c.h; path = ANBasicRuntimeState.h; sourceTree = "<group>"; };
		FA570BCC14AA52A1001EF295 /* ANBasicRuntimeState.m */ = {isa = PBXFileReference; fileEncoding = 4; lastKnownFileType = sourcecode.c.objc; path = ANBasicRuntimeState.m; sourceTree = "<group>"; };
		FA570BCE14AA5473001EF295 /* ANBasicToken+BasicRuntime.h */ = {isa = PBXFileReference; fileEncoding = 4; lastKnownFileType = sourcecode.c.h; path = "ANBasicToken+BasicRuntime.h"; sourceTree = "<group>"; };
		FA570BCF14AA5473001EF295 /* ANBasicToken+BasicRuntime.m */ = {isa = PBXFileReference; fileEncoding = 4; lastKnownFileType = sourcecode.c.objc; path = "ANBasicToken+BasicRuntime.m"; sourceTree = "<group>"; };
		FA570BD114AA5657001EF295 /* ANBasicTokenBlock+BasicRuntime.h */ = {isa = PBXFileReference; fileEncoding = 4; lastKnownFileType = sourcecode.c.h; path = "ANBasicTokenBlock+BasicRuntime.h"; sourceTree = "<group>"; };
		FA570BD214AA5657001EF295 /* ANBasicTokenBlock+BasicRuntime.m */ = {isa = PBXFileReference; fileEncoding = 4; lastKnownFileType = sourcecode.c.objc; path = "ANBasicTokenBlock+BasicRuntime.m"; sourceTree = "<group>"; };
		FA570BD714AA580B001EF295 /* ANBasicTokenNumber+BasicRuntime.h */ = {isa = PBXFileReference; fileEncoding = 4; lastKnownFileType = sourcecode.c.h; path = "ANBasicTokenNumber+BasicRuntime.h"; sourceTree = "<group>"; };
		FA570BD814AA580B001EF295 /* ANBasicTokenNumber+BasicRuntime.m */ = {isa = PBXFileReference; fileEncoding = 4; lastKnownFileType = sourcecode.c.objc; path = "ANBasicTokenNumber+BasicRuntime.m"; sourceTree = "<group>"; };
		FA570BDB14AA5883001EF295 /* ANBasicTokenVariable+BasicRuntime.h */ = {isa = PBXFileReference; fileEncoding = 4; lastKnownFileType = sourcecode.c.h; path = "ANBasicTokenVariable+BasicRuntime.h"; sourceTree = "<group>"; };
		FA570BDC14AA5884001EF295 /* ANBasicTokenVariable+BasicRuntime.m */ = {isa = PBXFileReference; fileEncoding = 4; lastKnownFileType = sourcecode.c.objc; path = "ANBasicTokenVariable+BasicRuntime.m"; sourceTree = "<group>"; };
		FA8FBBED14AA70A3005D26AD /* ANBasicTokenOperator+BasicRuntime.h */ = {isa = PBXFileReference; fileEncoding = 4; lastKnownFileType = sourcecode.c.h; path = "ANBasicTokenOperator+BasicRuntime.h"; sourceTree = "<group>"; };
		FA8FBBEE14AA70A3005D26AD /* ANBasicTokenOperator+BasicRuntime.m */ = {isa = PBXFileReference; fileEncoding = 4; lastKnownFileType = sourcecode.c.objc; path = "ANBasicTokenOperator+BasicRuntime.m"; sourceTree = "<group>"; };
		FA8FBBF714AA7675005D26AD /* ANBasicTokenWhileControlBlock+MCObject.h */ = {isa = PBXFileReference; fileEncoding = 4; lastKnownFileType = sourcecode.c.h; path = "ANBasicTokenWhileControlBlock+MCObject.h"; sourceTree = "<group>"; };
		FA8FBBF814AA7675005D26AD /* ANBasicTokenWhileControlBlock+MCObject.m */ = {isa = PBXFileReference; fileEncoding = 4; lastKnownFileType = sourcecode.c.objc; path = "ANBasicTokenWhileControlBlock+MCObject.m"; sourceTree = "<group>"; };
		FA8FBBFC14AA780A005D26AD /* ANBasicTokenGotoControlBlock+MCObject.h */ = {isa = PBXFileReference; fileEncoding = 4; lastKnownFileType = sourcecode.c.h; path = "ANBasicTokenGotoControlBlock+MCObject.h"; sourceTree = "<group>"; };
		FA8FBBFD14AA780A005D26AD /* ANBasicTokenGotoControlBlock+MCObject.m */ = {isa = PBXFileReference; fileEncoding = 4; lastKnownFileType = sourcecode.c.objc; path = "ANBasicTokenGotoControlBlock+MCObject.m"; sourceTree = "<group>"; };
		FA8FBC0014AA7874005D26AD /* ANBasicTokenLabelControlBlock+MCObject.h */ = {isa = PBXFileReference; fileEncoding = 4; lastKnownFileType = sourcecode.c.h; path = "ANBasicTokenLabelControlBlock+MCObject.h"; sourceTree = "<group>"; };
		FA8FBC0114AA7874005D26AD /* ANBasicTokenLabelControlBlock+MCObject.m */ = {isa = PBXFileReference; fileEncoding = 4; lastKnownFileType = sourcecode.c.objc; path = "ANBasicTokenLabelControlBlock+MCObject.m"; sourceTree = "<group>"; };
		FA8FBC0414AA7AB9005D26AD /* ANBasicTokenControl+BasicRuntime.h */ = {isa = PBXFileReference; fileEncoding = 4; lastKnownFileType = sourcecode.c.h; path = "ANBasicTokenControl+BasicRuntime.h"; sourceTree = "<group>"; };
		FA8FBC0514AA7AB9005D26AD /* ANBasicTokenControl+BasicRuntime.m */ = {isa = PBXFileReference; fileEncoding = 4; lastKnownFileType = sourcecode.c.objc; path = "ANBasicTokenControl+BasicRuntime.m"; sourceTree = "<group>"; };
		FA8FBC0814AA7C7E005D26AD /* ANBasicTokenControlBlock+BasicRuntime.h */ = {isa = PBXFileReference; fileEncoding = 4; lastKnownFileType = sourcecode.c.h; path = "ANBasicTokenControlBlock+BasicRuntime.h"; sourceTree = "<group>"; };
		FA8FBC0914AA7C7E005D26AD /* ANBasicTokenControlBlock+BasicRuntime.m */ = {isa = PBXFileReference; fileEncoding = 4; lastKnownFileType = sourcecode.c.objc; path = "ANBasicTokenControlBlock+BasicRuntime.m"; sourceTree = "<group>"; };
		FA8FBC0D14AA7EBC005D26AD /* ANBasicTokenGotoControlBlock+BasicRuntime.h */ = {isa = PBXFileReference; fileEncoding = 4; lastKnownFileType = sourcecode.c.h; path = "ANBasicTokenGotoControlBlock+BasicRuntime.h"; sourceTree = "<group>"; };
		FA8FBC0E14AA7EBC005D26AD /* ANBasicTokenGotoControlBlock+BasicRuntime.m */ = {isa = PBXFileReference; fileEncoding = 4; lastKnownFileType = sourcecode.c.objc; path = "ANBasicTokenGotoControlBlock+BasicRuntime.m"; sourceTree = "<group>"; };
		FA8FBC1214AA7F5F005D26AD /* ANBasicTokenLabelControlBlock+BasicRuntime.h */ = {isa = PBXFileReference; fileEncoding = 4; lastKnownFileType = sourcecode.c.h; path = "ANBasicTokenLabelControlBlock+BasicRuntime.h"; sourceTree = "<group>"; };
		FA8FBC1314AA7F5F005D26AD /* ANBasicTokenLabelControlBlock+BasicRuntime.m */ = {isa = PBXFileReference; fileEncoding = 4; lastKnownFileType = sourcecode.c.objc; path = "ANBasicTokenLabelControlBlock+BasicRuntime.m"; sourceTree = "<group>"; };
		FAD56EA014A7ECCD002E452F /* ANFloatingPoint.h */ = {isa = PBXFileReference; fileEncoding = 4; lastKnownFileType = sourcecode.c.h; path = ANFloatingPoint.h; sourceTree = "<group>"; };
		FAD56EA114A7ECCD002E452F /* ANFloatingPoint.m */ = {isa = PBXFileReference; fileEncoding = 4; lastKnownFileType = sourcecode.c.objc; path = ANFloatingPoint.m; sourceTree = "<group>"; };
		FAD56EA314A7ED26002E452F /* ANBasicTokenNumber+MCObject.h */ = {isa = PBXFileReference; fileEncoding = 4; lastKnownFileType = sourcecode.c.h; path = "ANBasicTokenNumber+MCObject.h"; sourceTree = "<group>"; };
		FAD56EA414A7ED26002E452F /* ANBasicTokenNumber+MCObject.m */ = {isa = PBXFileReference; fileEncoding = 4; lastKnownFileType = sourcecode.c.objc; path = "ANBasicTokenNumber+MCObject.m"; sourceTree = "<group>"; };
		FAD56EA614A7EE52002E452F /* ANBasicTokenFunction+MCObject.h */ = {isa = PBXFileReference; fileEncoding = 4; lastKnownFileType = sourcecode.c.h; path = "ANBasicTokenFunction+MCObject.h"; sourceTree = "<group>"; };
		FAD56EA714A7EE52002E452F /* ANBasicTokenFunction+MCObject.m */ = {isa = PBXFileReference; fileEncoding = 4; lastKnownFileType = sourcecode.c.objc; path = "ANBasicTokenFunction+MCObject.m"; sourceTree = "<group>"; };
		FAD56EA914A7F1AF002E452F /* ANBasicTokenControl+MCObject.h */ = {isa = PBXFileReference; fileEncoding = 4; lastKnownFileType = sourcecode.c.h; path = "ANBasicTokenControl+MCObject.h"; sourceTree = "<group>"; };
		FAD56EAA14A7F1AF002E452F /* ANBasicTokenControl+MCObject.m */ = {isa = PBXFileReference; fileEncoding = 4; lastKnownFileType = sourcecode.c.objc; path = "ANBasicTokenControl+MCObject.m"; sourceTree = "<group>"; };
		FAD56EAD14A7F3CC002E452F /* ANBasicTokenControlBlock+MCObject.h */ = {isa = PBXFileReference; fileEncoding = 4; lastKnownFileType = sourcecode.c.h; path = "ANBasicTokenControlBlock+MCObject.h"; sourceTree = "<group>"; };
		FAD56EAE14A7F3CC002E452F /* ANBasicTokenControlBlock+MCObject.m */ = {isa = PBXFileReference; fileEncoding = 4; lastKnownFileType = sourcecode.c.objc; path = "ANBasicTokenControlBlock+MCObject.m"; sourceTree = "<group>"; };
		FAD56EB014A7F584002E452F /* ANBasicTokenIfControlBlock+MCObject.h */ = {isa = PBXFileReference; fileEncoding = 4; lastKnownFileType = sourcecode.c.h; path = "ANBasicTokenIfControlBlock+MCObject.h"; sourceTree = "<group>"; };
		FAD56EB114A7F584002E452F /* ANBasicTokenIfControlBlock+MCObject.m */ = {isa = PBXFileReference; fileEncoding = 4; lastKnownFileType = sourcecode.c.objc; path = "ANBasicTokenIfControlBlock+MCObject.m"; sourceTree = "<group>"; };
		FAD56EB314A7F7AD002E452F /* ANBasicTokenForControlBlock+MCObject.h */ = {isa = PBXFileReference; fileEncoding = 4; lastKnownFileType = sourcecode.c.h; path = "ANBasicTokenForControlBlock+MCObject.h"; sourceTree = "<group>"; };
		FAD56EB414A7F7AD002E452F /* ANBasicTokenForControlBlock+MCObject.m */ = {isa = PBXFileReference; fileEncoding = 4; lastKnownFileType = sourcecode.c.objc; path = "ANBasicTokenForControlBlock+MCObject.m"; sourceTree = "<group>"; };
/* End PBXFileReference section */

/* Begin PBXFrameworksBuildPhase section */
		FA50F47F149CE20C0080E7B6 /* Frameworks */ = {
			isa = PBXFrameworksBuildPhase;
			buildActionMask = 2147483647;
			files = (
				FA50F487149CE20C0080E7B6 /* Foundation.framework in Frameworks */,
			);
			runOnlyForDeploymentPostprocessing = 0;
		};
		FA570B8F14AA4F70001EF295 /* Frameworks */ = {
			isa = PBXFrameworksBuildPhase;
			buildActionMask = 2147483647;
			files = (
				FA570B9414AA4F70001EF295 /* Foundation.framework in Frameworks */,
			);
			runOnlyForDeploymentPostprocessing = 0;
		};
/* End PBXFrameworksBuildPhase section */

/* Begin PBXGroup section */
		FA503DA414A56EF000BFE121 /* Tokenizer */ = {
			isa = PBXGroup;
			children = (
				FA503DC314A56FEF00BFE121 /* ANBasicTokenizer.h */,
				FA503DC014A56FEF00BFE121 /* ANBasicTokenizer.m */,
				FA503DC214A56FEF00BFE121 /* ANBasicTokenizedScript.h */,
				FA503DC114A56FEF00BFE121 /* ANBasicTokenizedScript.m */,
				FA503DA514A56F0200BFE121 /* Basic Tokens */,
			);
			path = Tokenizer;
			sourceTree = "<group>";
		};
		FA503DA514A56F0200BFE121 /* Basic Tokens */ = {
			isa = PBXGroup;
			children = (
				FA503DB814A56FDB00BFE121 /* ANBasicToken.h */,
				FA503DB714A56FDB00BFE121 /* ANBasicToken.m */,
				FA503DAC14A56FDB00BFE121 /* ANBasicTokenOperator.h */,
				FA503DAB14A56FDB00BFE121 /* ANBasicTokenOperator.m */,
				FA503DAF14A56FDB00BFE121 /* ANBasicTokenControl.h */,
				FA503DAE14A56FDB00BFE121 /* ANBasicTokenControl.m */,
				FA503DB014A56FDB00BFE121 /* ANBasicTokenFunction.h */,
				FA503DAD14A56FDB00BFE121 /* ANBasicTokenFunction.m */,
				FA503DB214A56FDB00BFE121 /* ANBasicTokenString.h */,
				FA503DB114A56FDB00BFE121 /* ANBasicTokenString.m */,
				FA503DB514A56FDB00BFE121 /* ANBasicTokenVariable.h */,
				FA503DB314A56FDB00BFE121 /* ANBasicTokenVariable.m */,
				FA503DB614A56FDB00BFE121 /* ANBasicTokenNumber.h */,
				FA503DB414A56FDB00BFE121 /* ANBasicTokenNumber.m */,
			);
			path = "Basic Tokens";
			sourceTree = "<group>";
		};
		FA503DA614A56F4300BFE121 /* Compiler */ = {
			isa = PBXGroup;
			children = (
				FAD56E9F14A7ECC3002E452F /* Utilities */,
				FA503DA814A56F4300BFE121 /* Token Grouper */,
				FA503DA714A56F4300BFE121 /* Machine Code */,
			);
			path = Compiler;
			sourceTree = "<group>";
		};
		FA503DA714A56F4300BFE121 /* Machine Code */ = {
			isa = PBXGroup;
			children = (
				FAD56EAC14A7F3BB002E452F /* Control Blocks */,
				FA503E0214A64DC300BFE121 /* ANBasicMCObject.h */,
				FA503E0314A64E7900BFE121 /* ANBasicToken+MCObject.h */,
				FA503E0414A64E7900BFE121 /* ANBasicToken+MCObject.m */,
				FA503E0614A64EF900BFE121 /* ANBasicTokenOperator+MCObject.h */,
				FA503E0714A64EF900BFE121 /* ANBasicTokenOperator+MCObject.m */,
				FA503E0914A652CE00BFE121 /* ANBasicTokenString+MCObject.h */,
				FA503E0A14A652CE00BFE121 /* ANBasicTokenString+MCObject.m */,
				FA503E0C14A653E200BFE121 /* ANBasicTokenVariable+MCObject.h */,
				FA503E0D14A653E200BFE121 /* ANBasicTokenVariable+MCObject.m */,
				FAD56EA314A7ED26002E452F /* ANBasicTokenNumber+MCObject.h */,
				FAD56EA414A7ED26002E452F /* ANBasicTokenNumber+MCObject.m */,
				FA503E0F14A65C7E00BFE121 /* ANBasicTokenBlock+MCObject.h */,
				FA503E1014A65C7E00BFE121 /* ANBasicTokenBlock+MCObject.m */,
				FAD56EA614A7EE52002E452F /* ANBasicTokenFunction+MCObject.h */,
				FAD56EA714A7EE52002E452F /* ANBasicTokenFunction+MCObject.m */,
				FAD56EA914A7F1AF002E452F /* ANBasicTokenControl+MCObject.h */,
				FAD56EAA14A7F1AF002E452F /* ANBasicTokenControl+MCObject.m */,
			);
			path = "Machine Code";
			sourceTree = "<group>";
		};
		FA503DA814A56F4300BFE121 /* Token Grouper */ = {
			isa = PBXGroup;
			children = (
				FA503DA914A56F4300BFE121 /* Control Blocks */,
				FA503DC714A5701900BFE121 /* ANBasicTokenGrouper.h */,
				FA503DC614A5701900BFE121 /* ANBasicTokenGrouper.m */,
				FA503DC914A5701900BFE121 /* ANBasicTokenBlock.h */,
				FA503DC814A5701900BFE121 /* ANBasicTokenBlock.m */,
				FA503DCA14A5701900BFE121 /* ANBasicTokenEOF.h */,
				FA503DCB14A5701900BFE121 /* ANBasicTokenEOF.m */,
			);
			path = "Token Grouper";
			sourceTree = "<group>";
		};
		FA503DA914A56F4300BFE121 /* Control Blocks */ = {
			isa = PBXGroup;
			children = (
				FA503DD214A5702D00BFE121 /* ANBasicTokenControlBlock.h */,
				FA503DDA14A5702D00BFE121 /* ANBasicTokenControlBlock.m */,
				FA503DD114A5702D00BFE121 /* ANBasicTokenLabelControlBlock.h */,
				FA503DCF14A5702D00BFE121 /* ANBasicTokenLabelControlBlock.m */,
				FA503DD314A5702D00BFE121 /* ANBasicTokenGotoControlBlock.h */,
				FA503DD014A5702D00BFE121 /* ANBasicTokenGotoControlBlock.m */,
				FA503DD614A5702D00BFE121 /* ANBasicTokenForControlBlock.h */,
				FA503DD414A5702D00BFE121 /* ANBasicTokenForControlBlock.m */,
				FA503DD714A5702D00BFE121 /* ANBasicTokenWhileControlBlock.h */,
				FA503DD514A5702D00BFE121 /* ANBasicTokenWhileControlBlock.m */,
				FA503DD814A5702D00BFE121 /* ANBasicTokenIfControlBlock.h */,
				FA503DD914A5702D00BFE121 /* ANBasicTokenIfControlBlock.m */,
			);
			path = "Control Blocks";
			sourceTree = "<group>";
		};
		FA50F477149CE20C0080E7B6 = {
			isa = PBXGroup;
			children = (
				FA503DA414A56EF000BFE121 /* Tokenizer */,
				FA503DA614A56F4300BFE121 /* Compiler */,
				FA570BCA14AA5289001EF295 /* Runtime */,
				FA50F488149CE20C0080E7B6 /* ANBasicCompiler */,
				FA570B9514AA4F70001EF295 /* ANBasicRuntime */,
				FA50F485149CE20C0080E7B6 /* Frameworks */,
				FA50F483149CE20C0080E7B6 /* Products */,
			);
			sourceTree = "<group>";
		};
		FA50F483149CE20C0080E7B6 /* Products */ = {
			isa = PBXGroup;
			children = (
				FA50F482149CE20C0080E7B6 /* ANBasicCompiler */,
				FA570B9214AA4F70001EF295 /* ANBasicRuntime */,
			);
			name = Products;
			sourceTree = "<group>";
		};
		FA50F485149CE20C0080E7B6 /* Frameworks */ = {
			isa = PBXGroup;
			children = (
				FA50F486149CE20C0080E7B6 /* Foundation.framework */,
			);
			name = Frameworks;
			sourceTree = "<group>";
		};
		FA50F488149CE20C0080E7B6 /* ANBasicCompiler */ = {
			isa = PBXGroup;
			children = (
				FA50F489149CE20C0080E7B6 /* main.m */,
				FA50F48D149CE20C0080E7B6 /* ANBasicCompiler.1 */,
				FA50F48B149CE20C0080E7B6 /* Supporting Files */,
			);
			path = ANBasicCompiler;
			sourceTree = "<group>";
		};
		FA50F48B149CE20C0080E7B6 /* Supporting Files */ = {
			isa = PBXGroup;
			children = (
				FA50F48C149CE20C0080E7B6 /* ANBasicCompiler-Prefix.pch */,
			);
			name = "Supporting Files";
			sourceTree = "<group>";
		};
		FA570B9514AA4F70001EF295 /* ANBasicRuntime */ = {
			isa = PBXGroup;
			children = (
				FA570B9614AA4F70001EF295 /* main.m */,
				FA570B9A14AA4F70001EF295 /* ANBasicRuntime.1 */,
				FA570B9814AA4F70001EF295 /* Supporting Files */,
			);
			path = ANBasicRuntime;
			sourceTree = "<group>";
		};
		FA570B9814AA4F70001EF295 /* Supporting Files */ = {
			isa = PBXGroup;
			children = (
				FA570B9914AA4F70001EF295 /* ANBasicRuntime-Prefix.pch */,
			);
			name = "Supporting Files";
			sourceTree = "<group>";
		};
		FA570BCA14AA5289001EF295 /* Runtime */ = {
			isa = PBXGroup;
			children = (
				FA8FBC0C14AA7E9F005D26AD /* Control Blocks */,
				FA570BCB14AA52A1001EF295 /* ANBasicRuntimeState.h */,
				FA570BCC14AA52A1001EF295 /* ANBasicRuntimeState.m */,
				FA570BCE14AA5473001EF295 /* ANBasicToken+BasicRuntime.h */,
				FA570BCF14AA5473001EF295 /* ANBasicToken+BasicRuntime.m */,
				FA570BD114AA5657001EF295 /* ANBasicTokenBlock+BasicRuntime.h */,
				FA570BD214AA5657001EF295 /* ANBasicTokenBlock+BasicRuntime.m */,
				FA570BD714AA580B001EF295 /* ANBasicTokenNumber+BasicRuntime.h */,
				FA570BD814AA580B001EF295 /* ANBasicTokenNumber+BasicRuntime.m */,
				FA570BDB14AA5883001EF295 /* ANBasicTokenVariable+BasicRuntime.h */,
				FA570BDC14AA5884001EF295 /* ANBasicTokenVariable+BasicRuntime.m */,
				FA8FBBED14AA70A3005D26AD /* ANBasicTokenOperator+BasicRuntime.h */,
				FA8FBBEE14AA70A3005D26AD /* ANBasicTokenOperator+BasicRuntime.m */,
				FA8FBC0414AA7AB9005D26AD /* ANBasicTokenControl+BasicRuntime.h */,
				FA8FBC0514AA7AB9005D26AD /* ANBasicTokenControl+BasicRuntime.m */,
			);
			path = Runtime;
			sourceTree = "<group>";
		};
		FA8FBC0C14AA7E9F005D26AD /* Control Blocks */ = {
			isa = PBXGroup;
			children = (
				FA8FBC0814AA7C7E005D26AD /* ANBasicTokenControlBlock+BasicRuntime.h */,
				FA8FBC0914AA7C7E005D26AD /* ANBasicTokenControlBlock+BasicRuntime.m */,
				FA8FBC0D14AA7EBC005D26AD /* ANBasicTokenGotoControlBlock+BasicRuntime.h */,
				FA8FBC0E14AA7EBC005D26AD /* ANBasicTokenGotoControlBlock+BasicRuntime.m */,
				FA8FBC1214AA7F5F005D26AD /* ANBasicTokenLabelControlBlock+BasicRuntime.h */,
				FA8FBC1314AA7F5F005D26AD /* ANBasicTokenLabelControlBlock+BasicRuntime.m */,
			);
			name = "Control Blocks";
			sourceTree = "<group>";
		};
		FAD56E9F14A7ECC3002E452F /* Utilities */ = {
			isa = PBXGroup;
			children = (
				FA503DFF14A64D5A00BFE121 /* ANBasicByteBuffer.h */,
				FA503E0014A64D5A00BFE121 /* ANBasicByteBuffer.m */,
				FAD56EA014A7ECCD002E452F /* ANFloatingPoint.h */,
				FAD56EA114A7ECCD002E452F /* ANFloatingPoint.m */,
			);
			path = Utilities;
			sourceTree = "<group>";
		};
		FAD56EAC14A7F3BB002E452F /* Control Blocks */ = {
			isa = PBXGroup;
			children = (
				FAD56EAD14A7F3CC002E452F /* ANBasicTokenControlBlock+MCObject.h */,
				FAD56EAE14A7F3CC002E452F /* ANBasicTokenControlBlock+MCObject.m */,
				FAD56EB014A7F584002E452F /* ANBasicTokenIfControlBlock+MCObject.h */,
				FAD56EB114A7F584002E452F /* ANBasicTokenIfControlBlock+MCObject.m */,
				FAD56EB314A7F7AD002E452F /* ANBasicTokenForControlBlock+MCObject.h */,
				FAD56EB414A7F7AD002E452F /* ANBasicTokenForControlBlock+MCObject.m */,
				FA8FBBF714AA7675005D26AD /* ANBasicTokenWhileControlBlock+MCObject.h */,
				FA8FBBF814AA7675005D26AD /* ANBasicTokenWhileControlBlock+MCObject.m */,
				FA8FBBFC14AA780A005D26AD /* ANBasicTokenGotoControlBlock+MCObject.h */,
				FA8FBBFD14AA780A005D26AD /* ANBasicTokenGotoControlBlock+MCObject.m */,
				FA8FBC0014AA7874005D26AD /* ANBasicTokenLabelControlBlock+MCObject.h */,
				FA8FBC0114AA7874005D26AD /* ANBasicTokenLabelControlBlock+MCObject.m */,
			);
			name = "Control Blocks";
			sourceTree = "<group>";
		};
/* End PBXGroup section */

/* Begin PBXNativeTarget section */
		FA50F481149CE20C0080E7B6 /* ANBasicCompiler */ = {
			isa = PBXNativeTarget;
			buildConfigurationList = FA50F491149CE20C0080E7B6 /* Build configuration list for PBXNativeTarget "ANBasicCompiler" */;
			buildPhases = (
				FA50F47E149CE20C0080E7B6 /* Sources */,
				FA50F47F149CE20C0080E7B6 /* Frameworks */,
				FA50F480149CE20C0080E7B6 /* CopyFiles */,
			);
			buildRules = (
			);
			dependencies = (
			);
			name = ANBasicCompiler;
			productName = ANBasicCompiler;
			productReference = FA50F482149CE20C0080E7B6 /* ANBasicCompiler */;
			productType = "com.apple.product-type.tool";
		};
		FA570B9114AA4F70001EF295 /* ANBasicRuntime */ = {
			isa = PBXNativeTarget;
			buildConfigurationList = FA570B9C14AA4F70001EF295 /* Build configuration list for PBXNativeTarget "ANBasicRuntime" */;
			buildPhases = (
				FA570B8E14AA4F70001EF295 /* Sources */,
				FA570B8F14AA4F70001EF295 /* Frameworks */,
				FA570B9014AA4F70001EF295 /* CopyFiles */,
			);
			buildRules = (
			);
			dependencies = (
			);
			name = ANBasicRuntime;
			productName = ANBasicRuntime;
			productReference = FA570B9214AA4F70001EF295 /* ANBasicRuntime */;
			productType = "com.apple.product-type.tool";
		};
/* End PBXNativeTarget section */

/* Begin PBXProject section */
		FA50F479149CE20C0080E7B6 /* Project object */ = {
			isa = PBXProject;
			attributes = {
				LastUpgradeCheck = 0420;
			};
			buildConfigurationList = FA50F47C149CE20C0080E7B6 /* Build configuration list for PBXProject "ANBasicCompiler" */;
			compatibilityVersion = "Xcode 3.2";
			developmentRegion = English;
			hasScannedForEncodings = 0;
			knownRegions = (
				en,
			);
			mainGroup = FA50F477149CE20C0080E7B6;
			productRefGroup = FA50F483149CE20C0080E7B6 /* Products */;
			projectDirPath = "";
			projectRoot = "";
			targets = (
				FA50F481149CE20C0080E7B6 /* ANBasicCompiler */,
				FA570B9114AA4F70001EF295 /* ANBasicRuntime */,
			);
		};
/* End PBXProject section */

/* Begin PBXSourcesBuildPhase section */
		FA50F47E149CE20C0080E7B6 /* Sources */ = {
			isa = PBXSourcesBuildPhase;
			buildActionMask = 2147483647;
			files = (
				FA50F48A149CE20C0080E7B6 /* main.m in Sources */,
				FA503DB914A56FDB00BFE121 /* ANBasicTokenOperator.m in Sources */,
				FA503DBA14A56FDB00BFE121 /* ANBasicTokenFunction.m in Sources */,
				FA503DBB14A56FDB00BFE121 /* ANBasicTokenControl.m in Sources */,
				FA503DBC14A56FDB00BFE121 /* ANBasicTokenString.m in Sources */,
				FA503DBD14A56FDB00BFE121 /* ANBasicTokenVariable.m in Sources */,
				FA503DBE14A56FDB00BFE121 /* ANBasicTokenNumber.m in Sources */,
				FA503DBF14A56FDB00BFE121 /* ANBasicToken.m in Sources */,
				FA503DC414A56FEF00BFE121 /* ANBasicTokenizer.m in Sources */,
				FA503DC514A56FEF00BFE121 /* ANBasicTokenizedScript.m in Sources */,
				FA503DCC14A5701900BFE121 /* ANBasicTokenGrouper.m in Sources */,
				FA503DCD14A5701900BFE121 /* ANBasicTokenBlock.m in Sources */,
				FA503DCE14A5701900BFE121 /* ANBasicTokenEOF.m in Sources */,
				FA503DDB14A5702D00BFE121 /* ANBasicTokenLabelControlBlock.m in Sources */,
				FA503DDC14A5702D00BFE121 /* ANBasicTokenGotoControlBlock.m in Sources */,
				FA503DDD14A5702D00BFE121 /* ANBasicTokenForControlBlock.m in Sources */,
				FA503DDE14A5702D00BFE121 /* ANBasicTokenWhileControlBlock.m in Sources */,
				FA503DDF14A5702D00BFE121 /* ANBasicTokenIfControlBlock.m in Sources */,
				FA503DE014A5702D00BFE121 /* ANBasicTokenControlBlock.m in Sources */,
				FA503E0114A64D5A00BFE121 /* ANBasicByteBuffer.m in Sources */,
				FA503E0514A64E7900BFE121 /* ANBasicToken+MCObject.m in Sources */,
				FA503E0814A64EF900BFE121 /* ANBasicTokenOperator+MCObject.m in Sources */,
				FA503E0B14A652CE00BFE121 /* ANBasicTokenString+MCObject.m in Sources */,
				FA503E0E14A653E200BFE121 /* ANBasicTokenVariable+MCObject.m in Sources */,
				FA503E1114A65C7E00BFE121 /* ANBasicTokenBlock+MCObject.m in Sources */,
				FAD56EA214A7ECCD002E452F /* ANFloatingPoint.m in Sources */,
				FAD56EA514A7ED26002E452F /* ANBasicTokenNumber+MCObject.m in Sources */,
				FAD56EA814A7EE52002E452F /* ANBasicTokenFunction+MCObject.m in Sources */,
				FAD56EAB14A7F1AF002E452F /* ANBasicTokenControl+MCObject.m in Sources */,
				FAD56EAF14A7F3CC002E452F /* ANBasicTokenControlBlock+MCObject.m in Sources */,
				FAD56EB214A7F584002E452F /* ANBasicTokenIfControlBlock+MCObject.m in Sources */,
				FAD56EB514A7F7AD002E452F /* ANBasicTokenForControlBlock+MCObject.m in Sources */,
				FA8FBBF914AA7675005D26AD /* ANBasicTokenWhileControlBlock+MCObject.m in Sources */,
				FA8FBBFE14AA780A005D26AD /* ANBasicTokenGotoControlBlock+MCObject.m in Sources */,
				FA8FBC0214AA7874005D26AD /* ANBasicTokenLabelControlBlock+MCObject.m in Sources */,
			);
			runOnlyForDeploymentPostprocessing = 0;
		};
		FA570B8E14AA4F70001EF295 /* Sources */ = {
			isa = PBXSourcesBuildPhase;
			buildActionMask = 2147483647;
			files = (
				FA570B9714AA4F70001EF295 /* main.m in Sources */,
				FA570BAE14AA4F93001EF295 /* ANBasicByteBuffer.m in Sources */,
				FA570BB014AA4F93001EF295 /* ANFloatingPoint.m in Sources */,
				FA570BA014AA4F8A001EF295 /* ANBasicToken.m in Sources */,
				FA570BA214AA4F8A001EF295 /* ANBasicTokenOperator.m in Sources */,
				FA570BA414AA4F8A001EF295 /* ANBasicTokenControl.m in Sources */,
				FA570BA614AA4F8A001EF295 /* ANBasicTokenFunction.m in Sources */,
				FA570BA814AA4F8A001EF295 /* ANBasicTokenString.m in Sources */,
				FA570BAA14AA4F8A001EF295 /* ANBasicTokenVariable.m in Sources */,
				FA570BAC14AA4F8A001EF295 /* ANBasicTokenNumber.m in Sources */,
				FA570BB214AA4FA3001EF295 /* ANBasicTokenControlBlock.m in Sources */,
				FA570BB414AA4FA3001EF295 /* ANBasicTokenLabelControlBlock.m in Sources */,
				FA570BB614AA4FA3001EF295 /* ANBasicTokenGotoControlBlock.m in Sources */,
				FA570BB814AA4FA3001EF295 /* ANBasicTokenForControlBlock.m in Sources */,
				FA570BBA14AA4FA3001EF295 /* ANBasicTokenWhileControlBlock.m in Sources */,
				FA570BBC14AA4FA3001EF295 /* ANBasicTokenIfControlBlock.m in Sources */,
				FA570BBE14AA4FA3001EF295 /* ANBasicTokenBlock.m in Sources */,
				FA570BBF14AA4FBD001EF295 /* ANBasicTokenControlBlock+MCObject.m in Sources */,
				FA570BC014AA4FBD001EF295 /* ANBasicTokenIfControlBlock+MCObject.m in Sources */,
				FA570BC114AA4FBD001EF295 /* ANBasicTokenForControlBlock+MCObject.m in Sources */,
				FA8FBBFB14AA7684005D26AD /* ANBasicTokenWhileControlBlock+MCObject.m in Sources */,
				FA8FBBFF14AA7811005D26AD /* ANBasicTokenGotoControlBlock+MCObject.m in Sources */,
				FA8FBC0314AA787A005D26AD /* ANBasicTokenLabelControlBlock+MCObject.m in Sources */,
				FA570BC214AA4FBD001EF295 /* ANBasicToken+MCObject.m in Sources */,
				FA570BC314AA4FBD001EF295 /* ANBasicTokenOperator+MCObject.m in Sources */,
				FA570BC414AA4FBD001EF295 /* ANBasicTokenString+MCObject.m in Sources */,
				FA570BC514AA4FBD001EF295 /* ANBasicTokenVariable+MCObject.m in Sources */,
				FA570BC614AA4FBD001EF295 /* ANBasicTokenNumber+MCObject.m in Sources */,
				FA570BC714AA4FBD001EF295 /* ANBasicTokenBlock+MCObject.m in Sources */,
				FA570BC814AA4FBD001EF295 /* ANBasicTokenFunction+MCObject.m in Sources */,
				FA570BC914AA4FBD001EF295 /* ANBasicTokenControl+MCObject.m in Sources */,
				FA570BD414AA566B001EF295 /* ANBasicRuntimeState.m in Sources */,
				FA570BD514AA566B001EF295 /* ANBasicToken+BasicRuntime.m in Sources */,
				FA570BD614AA566B001EF295 /* ANBasicTokenBlock+BasicRuntime.m in Sources */,
				FA570BDA14AA5817001EF295 /* ANBasicTokenNumber+BasicRuntime.m in Sources */,
				FA570BDE14AA5A47001EF295 /* ANBasicTokenVariable+BasicRuntime.m in Sources */,
				FA8FBBF114AA70AE005D26AD /* ANBasicTokenOperator+BasicRuntime.m in Sources */,
				FA8FBC0714AA7ACC005D26AD /* ANBasicTokenControl+BasicRuntime.m in Sources */,
				FA8FBC0B14AA7C8F005D26AD /* ANBasicTokenControlBlock+BasicRuntime.m in Sources */,
				FA8FBC1114AA7EE0005D26AD /* ANBasicTokenGotoControlBlock+BasicRuntime.m in Sources */,
				FA8FBC1414AA7F5F005D26AD /* ANBasicTokenLabelControlBlock+BasicRuntime.m in Sources */,
			);
			runOnlyForDeploymentPostprocessing = 0;
		};
/* End PBXSourcesBuildPhase section */

/* Begin XCBuildConfiguration section */
		FA50F48F149CE20C0080E7B6 /* Debug */ = {
			isa = XCBuildConfiguration;
			buildSettings = {
				ALWAYS_SEARCH_USER_PATHS = NO;
				ARCHS = "$(ARCHS_STANDARD_64_BIT)";
				CLANG_ENABLE_OBJC_ARC = YES;
				COPY_PHASE_STRIP = NO;
				GCC_C_LANGUAGE_STANDARD = gnu99;
				GCC_DYNAMIC_NO_PIC = NO;
				GCC_ENABLE_OBJC_EXCEPTIONS = YES;
				GCC_OPTIMIZATION_LEVEL = 0;
				GCC_PREPROCESSOR_DEFINITIONS = (
					"DEBUG=1",
					"$(inherited)",
				);
				GCC_SYMBOLS_PRIVATE_EXTERN = NO;
				GCC_VERSION = com.apple.compilers.llvm.clang.1_0;
				GCC_WARN_64_TO_32_BIT_CONVERSION = YES;
				GCC_WARN_ABOUT_MISSING_PROTOTYPES = YES;
				GCC_WARN_ABOUT_RETURN_TYPE = YES;
				GCC_WARN_UNUSED_VARIABLE = YES;
				MACOSX_DEPLOYMENT_TARGET = 10.7;
				ONLY_ACTIVE_ARCH = YES;
				SDKROOT = macosx;
			};
			name = Debug;
		};
		FA50F490149CE20C0080E7B6 /* Release */ = {
			isa = XCBuildConfiguration;
			buildSettings = {
				ALWAYS_SEARCH_USER_PATHS = NO;
				ARCHS = "$(ARCHS_STANDARD_64_BIT)";
				CLANG_ENABLE_OBJC_ARC = YES;
				COPY_PHASE_STRIP = YES;
				DEBUG_INFORMATION_FORMAT = "dwarf-with-dsym";
				GCC_C_LANGUAGE_STANDARD = gnu99;
				GCC_ENABLE_OBJC_EXCEPTIONS = YES;
				GCC_VERSION = com.apple.compilers.llvm.clang.1_0;
				GCC_WARN_64_TO_32_BIT_CONVERSION = YES;
				GCC_WARN_ABOUT_MISSING_PROTOTYPES = YES;
				GCC_WARN_ABOUT_RETURN_TYPE = YES;
				GCC_WARN_UNUSED_VARIABLE = YES;
				MACOSX_DEPLOYMENT_TARGET = 10.7;
				SDKROOT = macosx;
			};
			name = Release;
		};
		FA50F492149CE20C0080E7B6 /* Debug */ = {
			isa = XCBuildConfiguration;
			buildSettings = {
				GCC_PRECOMPILE_PREFIX_HEADER = YES;
				GCC_PREFIX_HEADER = "ANBasicCompiler/ANBasicCompiler-Prefix.pch";
				PRODUCT_NAME = "$(TARGET_NAME)";
			};
			name = Debug;
		};
		FA50F493149CE20C0080E7B6 /* Release */ = {
			isa = XCBuildConfiguration;
			buildSettings = {
				GCC_PRECOMPILE_PREFIX_HEADER = YES;
				GCC_PREFIX_HEADER = "ANBasicCompiler/ANBasicCompiler-Prefix.pch";
				PRODUCT_NAME = "$(TARGET_NAME)";
			};
			name = Release;
		};
		FA570B9D14AA4F70001EF295 /* Debug */ = {
			isa = XCBuildConfiguration;
			buildSettings = {
				GCC_PRECOMPILE_PREFIX_HEADER = YES;
				GCC_PREFIX_HEADER = "ANBasicRuntime/ANBasicRuntime-Prefix.pch";
				PRODUCT_NAME = "$(TARGET_NAME)";
			};
			name = Debug;
		};
		FA570B9E14AA4F70001EF295 /* Release */ = {
			isa = XCBuildConfiguration;
			buildSettings = {
				GCC_PRECOMPILE_PREFIX_HEADER = YES;
				GCC_PREFIX_HEADER = "ANBasicRuntime/ANBasicRuntime-Prefix.pch";
				PRODUCT_NAME = "$(TARGET_NAME)";
			};
			name = Release;
		};
/* End XCBuildConfiguration section */

/* Begin XCConfigurationList section */
		FA50F47C149CE20C0080E7B6 /* Build configuration list for PBXProject "ANBasicCompiler" */ = {
			isa = XCConfigurationList;
			buildConfigurations = (
				FA50F48F149CE20C0080E7B6 /* Debug */,
				FA50F490149CE20C0080E7B6 /* Release */,
			);
			defaultConfigurationIsVisible = 0;
			defaultConfigurationName = Release;
		};
		FA50F491149CE20C0080E7B6 /* Build configuration list for PBXNativeTarget "ANBasicCompiler" */ = {
			isa = XCConfigurationList;
			buildConfigurations = (
				FA50F492149CE20C0080E7B6 /* Debug */,
				FA50F493149CE20C0080E7B6 /* Release */,
			);
			defaultConfigurationIsVisible = 0;
			defaultConfigurationName = Release;
		};
		FA570B9C14AA4F70001EF295 /* Build configuration list for PBXNativeTarget "ANBasicRuntime" */ = {
			isa = XCConfigurationList;
			buildConfigurations = (
				FA570B9D14AA4F70001EF295 /* Debug */,
				FA570B9E14AA4F70001EF295 /* Release */,
			);
			defaultConfigurationIsVisible = 0;
			defaultConfigurationName = Release;
		};
/* End XCConfigurationList section */
	};
	rootObject = FA50F479149CE20C0080E7B6 /* Project object */;
}
