// !$*UTF8*$!
{
	archiveVersion = 1;
	classes = {
	};
	objectVersion = 46;
	objects = {

/* Begin PBXBuildFile section */
		FA503DB914A56FDB00BFE121 /* ANBasicTokenOperator.m in Sources */ = {isa = PBXBuildFile; fileRef = FA503DAB14A56FDB00BFE121 /* ANBasicTokenOperator.m */; };
		FA503DBA14A56FDB00BFE121 /* ANBasicTokenFunction.m in Sources */ = {isa = PBXBuildFile; fileRef = FA503DAD14A56FDB00BFE121 /* ANBasicTokenFunction.m */; };
		FA503DBB14A56FDB00BFE121 /* ANBasicTokenControl.m in Sources */ = {isa = PBXBuildFile; fileRef = FA503DAE14A56FDB00BFE121 /* ANBasicTokenControl.m */; };
		FA503DBC14A56FDB00BFE121 /* ANBasicTokenString.m in Sources */ = {isa = PBXBuildFile; fileRef = FA503DB114A56FDB00BFE121 /* ANBasicTokenString.m */; };
		FA503DBD14A56FDB00BFE121 /* ANBasicTokenVariable.m in Sources */ = {isa = PBXBuildFile; fileRef = FA503DB314A56FDB00BFE121 /* ANBasicTokenVariable.m */; };
		FA503DBE14A56FDB00BFE121 /* ANBasicTokenNumber.m in Sources */ = {isa = PBXBuildFile; fileRef = FA503DB414A56FDB00BFE121 /* ANBasicTokenNumber.m */; };
		FA503DBF14A56FDB00BFE121 /* ANBasicToken.m in Sources */ = {isa = PBXBuildFile; fileRef = FA503DB714A56FDB00BFE121 /* ANBasicToken.m */; };
		FA503DC414A56FEF00BFE121 /* ANBasicTokenizer.m in Sources */ = {isa = PBXBuildFile; fileRef = FA503DC014A56FEF00BFE121 /* ANBasicTokenizer.m */; };
		FA503DC514A56FEF00BFE121 /* ANBasicTokenizedScript.m in Sources */ = {isa = PBXBuildFile; fileRef = FA503DC114A56FEF00BFE121 /* ANBasicTokenizedScript.m */; };
		FA503DCC14A5701900BFE121 /* ANBasicTokenGrouper.m in Sources */ = {isa = PBXBuildFile; fileRef = FA503DC614A5701900BFE121 /* ANBasicTokenGrouper.m */; };
		FA503DCD14A5701900BFE121 /* ANBasicTokenBlock.m in Sources */ = {isa = PBXBuildFile; fileRef = FA503DC814A5701900BFE121 /* ANBasicTokenBlock.m */; };
		FA503DCE14A5701900BFE121 /* ANBasicTokenEOF.m in Sources */ = {isa = PBXBuildFile; fileRef = FA503DCB14A5701900BFE121 /* ANBasicTokenEOF.m */; };
		FA503DDB14A5702D00BFE121 /* ANBasicTokenLabelControlBlock.m in Sources */ = {isa = PBXBuildFile; fileRef = FA503DCF14A5702D00BFE121 /* ANBasicTokenLabelControlBlock.m */; };
		FA503DDC14A5702D00BFE121 /* ANBasicTokenGotoControlBlock.m in Sources */ = {isa = PBXBuildFile; fileRef = FA503DD014A5702D00BFE121 /* ANBasicTokenGotoControlBlock.m */; };
		FA503DDD14A5702D00BFE121 /* ANBasicTokenForControlBlock.m in Sources */ = {isa = PBXBuildFile; fileRef = FA503DD414A5702D00BFE121 /* ANBasicTokenForControlBlock.m */; };
		FA503DDE14A5702D00BFE121 /* ANBasicTokenWhileControlBlock.m in Sources */ = {isa = PBXBuildFile; fileRef = FA503DD514A5702D00BFE121 /* ANBasicTokenWhileControlBlock.m */; };
		FA503DDF14A5702D00BFE121 /* ANBasicTokenIfControlBlock.m in Sources */ = {isa = PBXBuildFile; fileRef = FA503DD914A5702D00BFE121 /* ANBasicTokenIfControlBlock.m */; };
		FA503DE014A5702D00BFE121 /* ANBasicTokenControlBlock.m in Sources */ = {isa = PBXBuildFile; fileRef = FA503DDA14A5702D00BFE121 /* ANBasicTokenControlBlock.m */; };
		FA503DEF14A5704B00BFE121 /* ANBasicFunctionObject.m in Sources */ = {isa = PBXBuildFile; fileRef = FA503DE114A5704B00BFE121 /* ANBasicFunctionObject.m */; };
		FA503DF014A5704B00BFE121 /* ANBasicNumberObject.m in Sources */ = {isa = PBXBuildFile; fileRef = FA503DE314A5704B00BFE121 /* ANBasicNumberObject.m */; };
		FA503DF114A5704B00BFE121 /* ANBasicVariableObject.m in Sources */ = {isa = PBXBuildFile; fileRef = FA503DE514A5704B00BFE121 /* ANBasicVariableObject.m */; };
		FA503DF214A5704B00BFE121 /* ANBasicBlockObject.m in Sources */ = {isa = PBXBuildFile; fileRef = FA503DE714A5704B00BFE121 /* ANBasicBlockObject.m */; };
		FA503DF314A5704B00BFE121 /* ANBasicOperatorObject.m in Sources */ = {isa = PBXBuildFile; fileRef = FA503DE914A5704B00BFE121 /* ANBasicOperatorObject.m */; };
		FA503DF414A5704B00BFE121 /* ANBasicStringObject.m in Sources */ = {isa = PBXBuildFile; fileRef = FA503DEC14A5704B00BFE121 /* ANBasicStringObject.m */; };
		FA503DF514A5704B00BFE121 /* ANBasicCodeObject.m in Sources */ = {isa = PBXBuildFile; fileRef = FA503DEE14A5704B00BFE121 /* ANBasicCodeObject.m */; };
		FA503DFA14A5705C00BFE121 /* ANBasicForLoopControl.m in Sources */ = {isa = PBXBuildFile; fileRef = FA503DF714A5705C00BFE121 /* ANBasicForLoopControl.m */; };
		FA503DFB14A5705C00BFE121 /* ANBasicControlObject.m in Sources */ = {isa = PBXBuildFile; fileRef = FA503DF814A5705C00BFE121 /* ANBasicControlObject.m */; };
		FA50F487149CE20C0080E7B6 /* Foundation.framework in Frameworks */ = {isa = PBXBuildFile; fileRef = FA50F486149CE20C0080E7B6 /* Foundation.framework */; };
		FA50F48A149CE20C0080E7B6 /* main.m in Sources */ = {isa = PBXBuildFile; fileRef = FA50F489149CE20C0080E7B6 /* main.m */; };
		FA50F48E149CE20C0080E7B6 /* ANBasicCompiler.1 in CopyFiles */ = {isa = PBXBuildFile; fileRef = FA50F48D149CE20C0080E7B6 /* ANBasicCompiler.1 */; };
/* End PBXBuildFile section */

/* Begin PBXCopyFilesBuildPhase section */
		FA50F480149CE20C0080E7B6 /* CopyFiles */ = {
			isa = PBXCopyFilesBuildPhase;
			buildActionMask = 2147483647;
			dstPath = /usr/share/man/man1/;
			dstSubfolderSpec = 0;
			files = (
				FA50F48E149CE20C0080E7B6 /* ANBasicCompiler.1 in CopyFiles */,
			);
			runOnlyForDeploymentPostprocessing = 1;
		};
/* End PBXCopyFilesBuildPhase section */

/* Begin PBXFileReference section */
		FA503DAB14A56FDB00BFE121 /* ANBasicTokenOperator.m */ = {isa = PBXFileReference; fileEncoding = 4; lastKnownFileType = sourcecode.c.objc; path = ANBasicTokenOperator.m; sourceTree = "<group>"; };
		FA503DAC14A56FDB00BFE121 /* ANBasicTokenOperator.h */ = {isa = PBXFileReference; fileEncoding = 4; lastKnownFileType = sourcecode.c.h; path = ANBasicTokenOperator.h; sourceTree = "<group>"; };
		FA503DAD14A56FDB00BFE121 /* ANBasicTokenFunction.m */ = {isa = PBXFileReference; fileEncoding = 4; lastKnownFileType = sourcecode.c.objc; path = ANBasicTokenFunction.m; sourceTree = "<group>"; };
		FA503DAE14A56FDB00BFE121 /* ANBasicTokenControl.m */ = {isa = PBXFileReference; fileEncoding = 4; lastKnownFileType = sourcecode.c.objc; path = ANBasicTokenControl.m; sourceTree = "<group>"; };
		FA503DAF14A56FDB00BFE121 /* ANBasicTokenControl.h */ = {isa = PBXFileReference; fileEncoding = 4; lastKnownFileType = sourcecode.c.h; path = ANBasicTokenControl.h; sourceTree = "<group>"; };
		FA503DB014A56FDB00BFE121 /* ANBasicTokenFunction.h */ = {isa = PBXFileReference; fileEncoding = 4; lastKnownFileType = sourcecode.c.h; path = ANBasicTokenFunction.h; sourceTree = "<group>"; };
		FA503DB114A56FDB00BFE121 /* ANBasicTokenString.m */ = {isa = PBXFileReference; fileEncoding = 4; lastKnownFileType = sourcecode.c.objc; path = ANBasicTokenString.m; sourceTree = "<group>"; };
		FA503DB214A56FDB00BFE121 /* ANBasicTokenString.h */ = {isa = PBXFileReference; fileEncoding = 4; lastKnownFileType = sourcecode.c.h; path = ANBasicTokenString.h; sourceTree = "<group>"; };
		FA503DB314A56FDB00BFE121 /* ANBasicTokenVariable.m */ = {isa = PBXFileReference; fileEncoding = 4; lastKnownFileType = sourcecode.c.objc; path = ANBasicTokenVariable.m; sourceTree = "<group>"; };
		FA503DB414A56FDB00BFE121 /* ANBasicTokenNumber.m */ = {isa = PBXFileReference; fileEncoding = 4; lastKnownFileType = sourcecode.c.objc; path = ANBasicTokenNumber.m; sourceTree = "<group>"; };
		FA503DB514A56FDB00BFE121 /* ANBasicTokenVariable.h */ = {isa = PBXFileReference; fileEncoding = 4; lastKnownFileType = sourcecode.c.h; path = ANBasicTokenVariable.h; sourceTree = "<group>"; };
		FA503DB614A56FDB00BFE121 /* ANBasicTokenNumber.h */ = {isa = PBXFileReference; fileEncoding = 4; lastKnownFileType = sourcecode.c.h; path = ANBasicTokenNumber.h; sourceTree = "<group>"; };
		FA503DB714A56FDB00BFE121 /* ANBasicToken.m */ = {isa = PBXFileReference; fileEncoding = 4; lastKnownFileType = sourcecode.c.objc; path = ANBasicToken.m; sourceTree = "<group>"; };
		FA503DB814A56FDB00BFE121 /* ANBasicToken.h */ = {isa = PBXFileReference; fileEncoding = 4; lastKnownFileType = sourcecode.c.h; path = ANBasicToken.h; sourceTree = "<group>"; };
		FA503DC014A56FEF00BFE121 /* ANBasicTokenizer.m */ = {isa = PBXFileReference; fileEncoding = 4; lastKnownFileType = sourcecode.c.objc; path = ANBasicTokenizer.m; sourceTree = "<group>"; };
		FA503DC114A56FEF00BFE121 /* ANBasicTokenizedScript.m */ = {isa = PBXFileReference; fileEncoding = 4; lastKnownFileType = sourcecode.c.objc; path = ANBasicTokenizedScript.m; sourceTree = "<group>"; };
		FA503DC214A56FEF00BFE121 /* ANBasicTokenizedScript.h */ = {isa = PBXFileReference; fileEncoding = 4; lastKnownFileType = sourcecode.c.h; path = ANBasicTokenizedScript.h; sourceTree = "<group>"; };
		FA503DC314A56FEF00BFE121 /* ANBasicTokenizer.h */ = {isa = PBXFileReference; fileEncoding = 4; lastKnownFileType = sourcecode.c.h; path = ANBasicTokenizer.h; sourceTree = "<group>"; };
		FA503DC614A5701900BFE121 /* ANBasicTokenGrouper.m */ = {isa = PBXFileReference; fileEncoding = 4; lastKnownFileType = sourcecode.c.objc; path = ANBasicTokenGrouper.m; sourceTree = "<group>"; };
		FA503DC714A5701900BFE121 /* ANBasicTokenGrouper.h */ = {isa = PBXFileReference; fileEncoding = 4; lastKnownFileType = sourcecode.c.h; path = ANBasicTokenGrouper.h; sourceTree = "<group>"; };
		FA503DC814A5701900BFE121 /* ANBasicTokenBlock.m */ = {isa = PBXFileReference; fileEncoding = 4; lastKnownFileType = sourcecode.c.objc; path = ANBasicTokenBlock.m; sourceTree = "<group>"; };
		FA503DC914A5701900BFE121 /* ANBasicTokenBlock.h */ = {isa = PBXFileReference; fileEncoding = 4; lastKnownFileType = sourcecode.c.h; path = ANBasicTokenBlock.h; sourceTree = "<group>"; };
		FA503DCA14A5701900BFE121 /* ANBasicTokenEOF.h */ = {isa = PBXFileReference; fileEncoding = 4; lastKnownFileType = sourcecode.c.h; path = ANBasicTokenEOF.h; sourceTree = "<group>"; };
		FA503DCB14A5701900BFE121 /* ANBasicTokenEOF.m */ = {isa = PBXFileReference; fileEncoding = 4; lastKnownFileType = sourcecode.c.objc; path = ANBasicTokenEOF.m; sourceTree = "<group>"; };
		FA503DCF14A5702D00BFE121 /* ANBasicTokenLabelControlBlock.m */ = {isa = PBXFileReference; fileEncoding = 4; lastKnownFileType = sourcecode.c.objc; path = ANBasicTokenLabelControlBlock.m; sourceTree = "<group>"; };
		FA503DD014A5702D00BFE121 /* ANBasicTokenGotoControlBlock.m */ = {isa = PBXFileReference; fileEncoding = 4; lastKnownFileType = sourcecode.c.objc; path = ANBasicTokenGotoControlBlock.m; sourceTree = "<group>"; };
		FA503DD114A5702D00BFE121 /* ANBasicTokenLabelControlBlock.h */ = {isa = PBXFileReference; fileEncoding = 4; lastKnownFileType = sourcecode.c.h; path = ANBasicTokenLabelControlBlock.h; sourceTree = "<group>"; };
		FA503DD214A5702D00BFE121 /* ANBasicTokenControlBlock.h */ = {isa = PBXFileReference; fileEncoding = 4; lastKnownFileType = sourcecode.c.h; path = ANBasicTokenControlBlock.h; sourceTree = "<group>"; };
		FA503DD314A5702D00BFE121 /* ANBasicTokenGotoControlBlock.h */ = {isa = PBXFileReference; fileEncoding = 4; lastKnownFileType = sourcecode.c.h; path = ANBasicTokenGotoControlBlock.h; sourceTree = "<group>"; };
		FA503DD414A5702D00BFE121 /* ANBasicTokenForControlBlock.m */ = {isa = PBXFileReference; fileEncoding = 4; lastKnownFileType = sourcecode.c.objc; path = ANBasicTokenForControlBlock.m; sourceTree = "<group>"; };
		FA503DD514A5702D00BFE121 /* ANBasicTokenWhileControlBlock.m */ = {isa = PBXFileReference; fileEncoding = 4; lastKnownFileType = sourcecode.c.objc; path = ANBasicTokenWhileControlBlock.m; sourceTree = "<group>"; };
		FA503DD614A5702D00BFE121 /* ANBasicTokenForControlBlock.h */ = {isa = PBXFileReference; fileEncoding = 4; lastKnownFileType = sourcecode.c.h; path = ANBasicTokenForControlBlock.h; sourceTree = "<group>"; };
		FA503DD714A5702D00BFE121 /* ANBasicTokenWhileControlBlock.h */ = {isa = PBXFileReference; fileEncoding = 4; lastKnownFileType = sourcecode.c.h; path = ANBasicTokenWhileControlBlock.h; sourceTree = "<group>"; };
		FA503DD814A5702D00BFE121 /* ANBasicTokenIfControlBlock.h */ = {isa = PBXFileReference; fileEncoding = 4; lastKnownFileType = sourcecode.c.h; path = ANBasicTokenIfControlBlock.h; sourceTree = "<group>"; };
		FA503DD914A5702D00BFE121 /* ANBasicTokenIfControlBlock.m */ = {isa = PBXFileReference; fileEncoding = 4; lastKnownFileType = sourcecode.c.objc; path = ANBasicTokenIfControlBlock.m; sourceTree = "<group>"; };
		FA503DDA14A5702D00BFE121 /* ANBasicTokenControlBlock.m */ = {isa = PBXFileReference; fileEncoding = 4; lastKnownFileType = sourcecode.c.objc; path = ANBasicTokenControlBlock.m; sourceTree = "<group>"; };
		FA503DE114A5704B00BFE121 /* ANBasicFunctionObject.m */ = {isa = PBXFileReference; fileEncoding = 4; lastKnownFileType = sourcecode.c.objc; path = ANBasicFunctionObject.m; sourceTree = "<group>"; };
		FA503DE214A5704B00BFE121 /* ANBasicFunctionObject.h */ = {isa = PBXFileReference; fileEncoding = 4; lastKnownFileType = sourcecode.c.h; path = ANBasicFunctionObject.h; sourceTree = "<group>"; };
		FA503DE314A5704B00BFE121 /* ANBasicNumberObject.m */ = {isa = PBXFileReference; fileEncoding = 4; lastKnownFileType = sourcecode.c.objc; path = ANBasicNumberObject.m; sourceTree = "<group>"; };
		FA503DE414A5704B00BFE121 /* ANBasicStringObject.h */ = {isa = PBXFileReference; fileEncoding = 4; lastKnownFileType = sourcecode.c.h; path = ANBasicStringObject.h; sourceTree = "<group>"; };
		FA503DE514A5704B00BFE121 /* ANBasicVariableObject.m */ = {isa = PBXFileReference; fileEncoding = 4; lastKnownFileType = sourcecode.c.objc; path = ANBasicVariableObject.m; sourceTree = "<group>"; };
		FA503DE614A5704B00BFE121 /* ANBasicVariableObject.h */ = {isa = PBXFileReference; fileEncoding = 4; lastKnownFileType = sourcecode.c.h; path = ANBasicVariableObject.h; sourceTree = "<group>"; };
		FA503DE714A5704B00BFE121 /* ANBasicBlockObject.m */ = {isa = PBXFileReference; fileEncoding = 4; lastKnownFileType = sourcecode.c.objc; path = ANBasicBlockObject.m; sourceTree = "<group>"; };
		FA503DE814A5704B00BFE121 /* ANBasicBlockObject.h */ = {isa = PBXFileReference; fileEncoding = 4; lastKnownFileType = sourcecode.c.h; path = ANBasicBlockObject.h; sourceTree = "<group>"; };
		FA503DE914A5704B00BFE121 /* ANBasicOperatorObject.m */ = {isa = PBXFileReference; fileEncoding = 4; lastKnownFileType = sourcecode.c.objc; path = ANBasicOperatorObject.m; sourceTree = "<group>"; };
		FA503DEA14A5704B00BFE121 /* ANBasicOperatorObject.h */ = {isa = PBXFileReference; fileEncoding = 4; lastKnownFileType = sourcecode.c.h; path = ANBasicOperatorObject.h; sourceTree = "<group>"; };
		FA503DEB14A5704B00BFE121 /* ANBasicNumberObject.h */ = {isa = PBXFileReference; fileEncoding = 4; lastKnownFileType = sourcecode.c.h; path = ANBasicNumberObject.h; sourceTree = "<group>"; };
		FA503DEC14A5704B00BFE121 /* ANBasicStringObject.m */ = {isa = PBXFileReference; fileEncoding = 4; lastKnownFileType = sourcecode.c.objc; path = ANBasicStringObject.m; sourceTree = "<group>"; };
		FA503DED14A5704B00BFE121 /* ANBasicCodeObject.h */ = {isa = PBXFileReference; fileEncoding = 4; lastKnownFileType = sourcecode.c.h; path = ANBasicCodeObject.h; sourceTree = "<group>"; };
		FA503DEE14A5704B00BFE121 /* ANBasicCodeObject.m */ = {isa = PBXFileReference; fileEncoding = 4; lastKnownFileType = sourcecode.c.objc; path = ANBasicCodeObject.m; sourceTree = "<group>"; };
		FA503DF614A5705C00BFE121 /* ANBasicForLoopControl.h */ = {isa = PBXFileReference; fileEncoding = 4; lastKnownFileType = sourcecode.c.h; path = ANBasicForLoopControl.h; sourceTree = "<group>"; };
		FA503DF714A5705C00BFE121 /* ANBasicForLoopControl.m */ = {isa = PBXFileReference; fileEncoding = 4; lastKnownFileType = sourcecode.c.objc; path = ANBasicForLoopControl.m; sourceTree = "<group>"; };
		FA503DF814A5705C00BFE121 /* ANBasicControlObject.m */ = {isa = PBXFileReference; fileEncoding = 4; lastKnownFileType = sourcecode.c.objc; path = ANBasicControlObject.m; sourceTree = "<group>"; };
		FA503DF914A5705C00BFE121 /* ANBasicControlObject.h */ = {isa = PBXFileReference; fileEncoding = 4; lastKnownFileType = sourcecode.c.h; path = ANBasicControlObject.h; sourceTree = "<group>"; };
		FA50F482149CE20C0080E7B6 /* ANBasicCompiler */ = {isa = PBXFileReference; explicitFileType = "compiled.mach-o.executable"; includeInIndex = 0; path = ANBasicCompiler; sourceTree = BUILT_PRODUCTS_DIR; };
		FA50F486149CE20C0080E7B6 /* Foundation.framework */ = {isa = PBXFileReference; lastKnownFileType = wrapper.framework; name = Foundation.framework; path = System/Library/Frameworks/Foundation.framework; sourceTree = SDKROOT; };
		FA50F489149CE20C0080E7B6 /* main.m */ = {isa = PBXFileReference; lastKnownFileType = sourcecode.c.objc; path = main.m; sourceTree = "<group>"; };
		FA50F48C149CE20C0080E7B6 /* ANBasicCompiler-Prefix.pch */ = {isa = PBXFileReference; lastKnownFileType = sourcecode.c.h; path = "ANBasicCompiler-Prefix.pch"; sourceTree = "<group>"; };
		FA50F48D149CE20C0080E7B6 /* ANBasicCompiler.1 */ = {isa = PBXFileReference; lastKnownFileType = text.man; path = ANBasicCompiler.1; sourceTree = "<group>"; };
/* End PBXFileReference section */

/* Begin PBXFrameworksBuildPhase section */
		FA50F47F149CE20C0080E7B6 /* Frameworks */ = {
			isa = PBXFrameworksBuildPhase;
			buildActionMask = 2147483647;
			files = (
				FA50F487149CE20C0080E7B6 /* Foundation.framework in Frameworks */,
			);
			runOnlyForDeploymentPostprocessing = 0;
		};
/* End PBXFrameworksBuildPhase section */

/* Begin PBXGroup section */
		FA503DA414A56EF000BFE121 /* Tokenizer */ = {
			isa = PBXGroup;
			children = (
				FA503DC014A56FEF00BFE121 /* ANBasicTokenizer.m */,
				FA503DC114A56FEF00BFE121 /* ANBasicTokenizedScript.m */,
				FA503DC214A56FEF00BFE121 /* ANBasicTokenizedScript.h */,
				FA503DC314A56FEF00BFE121 /* ANBasicTokenizer.h */,
				FA503DA514A56F0200BFE121 /* Basic Tokens */,
			);
			path = Tokenizer;
			sourceTree = "<group>";
		};
		FA503DA514A56F0200BFE121 /* Basic Tokens */ = {
			isa = PBXGroup;
			children = (
				FA503DAB14A56FDB00BFE121 /* ANBasicTokenOperator.m */,
				FA503DAC14A56FDB00BFE121 /* ANBasicTokenOperator.h */,
				FA503DAD14A56FDB00BFE121 /* ANBasicTokenFunction.m */,
				FA503DAE14A56FDB00BFE121 /* ANBasicTokenControl.m */,
				FA503DAF14A56FDB00BFE121 /* ANBasicTokenControl.h */,
				FA503DB014A56FDB00BFE121 /* ANBasicTokenFunction.h */,
				FA503DB114A56FDB00BFE121 /* ANBasicTokenString.m */,
				FA503DB214A56FDB00BFE121 /* ANBasicTokenString.h */,
				FA503DB314A56FDB00BFE121 /* ANBasicTokenVariable.m */,
				FA503DB414A56FDB00BFE121 /* ANBasicTokenNumber.m */,
				FA503DB514A56FDB00BFE121 /* ANBasicTokenVariable.h */,
				FA503DB614A56FDB00BFE121 /* ANBasicTokenNumber.h */,
				FA503DB714A56FDB00BFE121 /* ANBasicToken.m */,
				FA503DB814A56FDB00BFE121 /* ANBasicToken.h */,
			);
			path = "Basic Tokens";
			sourceTree = "<group>";
		};
		FA503DA614A56F4300BFE121 /* Compiler */ = {
			isa = PBXGroup;
			children = (
				FA503DA814A56F4300BFE121 /* Token Grouper */,
				FA503DA714A56F4300BFE121 /* Machine Code */,
			);
			path = Compiler;
			sourceTree = "<group>";
		};
		FA503DA714A56F4300BFE121 /* Machine Code */ = {
			isa = PBXGroup;
			children = (
				FA503DAA14A56F6800BFE121 /* Control */,
				FA503DE114A5704B00BFE121 /* ANBasicFunctionObject.m */,
				FA503DE214A5704B00BFE121 /* ANBasicFunctionObject.h */,
				FA503DE314A5704B00BFE121 /* ANBasicNumberObject.m */,
				FA503DE414A5704B00BFE121 /* ANBasicStringObject.h */,
				FA503DE514A5704B00BFE121 /* ANBasicVariableObject.m */,
				FA503DE614A5704B00BFE121 /* ANBasicVariableObject.h */,
				FA503DE714A5704B00BFE121 /* ANBasicBlockObject.m */,
				FA503DE814A5704B00BFE121 /* ANBasicBlockObject.h */,
				FA503DE914A5704B00BFE121 /* ANBasicOperatorObject.m */,
				FA503DEA14A5704B00BFE121 /* ANBasicOperatorObject.h */,
				FA503DEB14A5704B00BFE121 /* ANBasicNumberObject.h */,
				FA503DEC14A5704B00BFE121 /* ANBasicStringObject.m */,
				FA503DED14A5704B00BFE121 /* ANBasicCodeObject.h */,
				FA503DEE14A5704B00BFE121 /* ANBasicCodeObject.m */,
			);
			path = "Machine Code";
			sourceTree = "<group>";
		};
		FA503DA814A56F4300BFE121 /* Token Grouper */ = {
			isa = PBXGroup;
			children = (
				FA503DA914A56F4300BFE121 /* Control Blocks */,
				FA503DC614A5701900BFE121 /* ANBasicTokenGrouper.m */,
				FA503DC714A5701900BFE121 /* ANBasicTokenGrouper.h */,
				FA503DC814A5701900BFE121 /* ANBasicTokenBlock.m */,
				FA503DC914A5701900BFE121 /* ANBasicTokenBlock.h */,
				FA503DCA14A5701900BFE121 /* ANBasicTokenEOF.h */,
				FA503DCB14A5701900BFE121 /* ANBasicTokenEOF.m */,
			);
			path = "Token Grouper";
			sourceTree = "<group>";
		};
		FA503DA914A56F4300BFE121 /* Control Blocks */ = {
			isa = PBXGroup;
			children = (
				FA503DCF14A5702D00BFE121 /* ANBasicTokenLabelControlBlock.m */,
				FA503DD014A5702D00BFE121 /* ANBasicTokenGotoControlBlock.m */,
				FA503DD114A5702D00BFE121 /* ANBasicTokenLabelControlBlock.h */,
				FA503DD214A5702D00BFE121 /* ANBasicTokenControlBlock.h */,
				FA503DD314A5702D00BFE121 /* ANBasicTokenGotoControlBlock.h */,
				FA503DD414A5702D00BFE121 /* ANBasicTokenForControlBlock.m */,
				FA503DD514A5702D00BFE121 /* ANBasicTokenWhileControlBlock.m */,
				FA503DD614A5702D00BFE121 /* ANBasicTokenForControlBlock.h */,
				FA503DD714A5702D00BFE121 /* ANBasicTokenWhileControlBlock.h */,
				FA503DD814A5702D00BFE121 /* ANBasicTokenIfControlBlock.h */,
				FA503DD914A5702D00BFE121 /* ANBasicTokenIfControlBlock.m */,
				FA503DDA14A5702D00BFE121 /* ANBasicTokenControlBlock.m */,
			);
			path = "Control Blocks";
			sourceTree = "<group>";
		};
		FA503DAA14A56F6800BFE121 /* Control */ = {
			isa = PBXGroup;
			children = (
				FA503DF614A5705C00BFE121 /* ANBasicForLoopControl.h */,
				FA503DF714A5705C00BFE121 /* ANBasicForLoopControl.m */,
				FA503DF814A5705C00BFE121 /* ANBasicControlObject.m */,
				FA503DF914A5705C00BFE121 /* ANBasicControlObject.h */,
			);
			path = Control;
			sourceTree = "<group>";
		};
		FA50F477149CE20C0080E7B6 = {
			isa = PBXGroup;
			children = (
				FA503DA414A56EF000BFE121 /* Tokenizer */,
				FA503DA614A56F4300BFE121 /* Compiler */,
				FA50F488149CE20C0080E7B6 /* ANBasicCompiler */,
				FA50F485149CE20C0080E7B6 /* Frameworks */,
				FA50F483149CE20C0080E7B6 /* Products */,
			);
			sourceTree = "<group>";
		};
		FA50F483149CE20C0080E7B6 /* Products */ = {
			isa = PBXGroup;
			children = (
				FA50F482149CE20C0080E7B6 /* ANBasicCompiler */,
			);
			name = Products;
			sourceTree = "<group>";
		};
		FA50F485149CE20C0080E7B6 /* Frameworks */ = {
			isa = PBXGroup;
			children = (
				FA50F486149CE20C0080E7B6 /* Foundation.framework */,
			);
			name = Frameworks;
			sourceTree = "<group>";
		};
		FA50F488149CE20C0080E7B6 /* ANBasicCompiler */ = {
			isa = PBXGroup;
			children = (
				FA50F489149CE20C0080E7B6 /* main.m */,
				FA50F48D149CE20C0080E7B6 /* ANBasicCompiler.1 */,
				FA50F48B149CE20C0080E7B6 /* Supporting Files */,
			);
			path = ANBasicCompiler;
			sourceTree = "<group>";
		};
		FA50F48B149CE20C0080E7B6 /* Supporting Files */ = {
			isa = PBXGroup;
			children = (
				FA50F48C149CE20C0080E7B6 /* ANBasicCompiler-Prefix.pch */,
			);
			name = "Supporting Files";
			sourceTree = "<group>";
		};
/* End PBXGroup section */

/* Begin PBXNativeTarget section */
		FA50F481149CE20C0080E7B6 /* ANBasicCompiler */ = {
			isa = PBXNativeTarget;
			buildConfigurationList = FA50F491149CE20C0080E7B6 /* Build configuration list for PBXNativeTarget "ANBasicCompiler" */;
			buildPhases = (
				FA50F47E149CE20C0080E7B6 /* Sources */,
				FA50F47F149CE20C0080E7B6 /* Frameworks */,
				FA50F480149CE20C0080E7B6 /* CopyFiles */,
			);
			buildRules = (
			);
			dependencies = (
			);
			name = ANBasicCompiler;
			productName = ANBasicCompiler;
			productReference = FA50F482149CE20C0080E7B6 /* ANBasicCompiler */;
			productType = "com.apple.product-type.tool";
		};
/* End PBXNativeTarget section */

/* Begin PBXProject section */
		FA50F479149CE20C0080E7B6 /* Project object */ = {
			isa = PBXProject;
			attributes = {
				LastUpgradeCheck = 0420;
			};
			buildConfigurationList = FA50F47C149CE20C0080E7B6 /* Build configuration list for PBXProject "ANBasicCompiler" */;
			compatibilityVersion = "Xcode 3.2";
			developmentRegion = English;
			hasScannedForEncodings = 0;
			knownRegions = (
				en,
			);
			mainGroup = FA50F477149CE20C0080E7B6;
			productRefGroup = FA50F483149CE20C0080E7B6 /* Products */;
			projectDirPath = "";
			projectRoot = "";
			targets = (
				FA50F481149CE20C0080E7B6 /* ANBasicCompiler */,
			);
		};
/* End PBXProject section */

/* Begin PBXSourcesBuildPhase section */
		FA50F47E149CE20C0080E7B6 /* Sources */ = {
			isa = PBXSourcesBuildPhase;
			buildActionMask = 2147483647;
			files = (
				FA50F48A149CE20C0080E7B6 /* main.m in Sources */,
				FA503DB914A56FDB00BFE121 /* ANBasicTokenOperator.m in Sources */,
				FA503DBA14A56FDB00BFE121 /* ANBasicTokenFunction.m in Sources */,
				FA503DBB14A56FDB00BFE121 /* ANBasicTokenControl.m in Sources */,
				FA503DBC14A56FDB00BFE121 /* ANBasicTokenString.m in Sources */,
				FA503DBD14A56FDB00BFE121 /* ANBasicTokenVariable.m in Sources */,
				FA503DBE14A56FDB00BFE121 /* ANBasicTokenNumber.m in Sources */,
				FA503DBF14A56FDB00BFE121 /* ANBasicToken.m in Sources */,
				FA503DC414A56FEF00BFE121 /* ANBasicTokenizer.m in Sources */,
				FA503DC514A56FEF00BFE121 /* ANBasicTokenizedScript.m in Sources */,
				FA503DCC14A5701900BFE121 /* ANBasicTokenGrouper.m in Sources */,
				FA503DCD14A5701900BFE121 /* ANBasicTokenBlock.m in Sources */,
				FA503DCE14A5701900BFE121 /* ANBasicTokenEOF.m in Sources */,
				FA503DDB14A5702D00BFE121 /* ANBasicTokenLabelControlBlock.m in Sources */,
				FA503DDC14A5702D00BFE121 /* ANBasicTokenGotoControlBlock.m in Sources */,
				FA503DDD14A5702D00BFE121 /* ANBasicTokenForControlBlock.m in Sources */,
				FA503DDE14A5702D00BFE121 /* ANBasicTokenWhileControlBlock.m in Sources */,
				FA503DDF14A5702D00BFE121 /* ANBasicTokenIfControlBlock.m in Sources */,
				FA503DE014A5702D00BFE121 /* ANBasicTokenControlBlock.m in Sources */,
				FA503DEF14A5704B00BFE121 /* ANBasicFunctionObject.m in Sources */,
				FA503DF014A5704B00BFE121 /* ANBasicNumberObject.m in Sources */,
				FA503DF114A5704B00BFE121 /* ANBasicVariableObject.m in Sources */,
				FA503DF214A5704B00BFE121 /* ANBasicBlockObject.m in Sources */,
				FA503DF314A5704B00BFE121 /* ANBasicOperatorObject.m in Sources */,
				FA503DF414A5704B00BFE121 /* ANBasicStringObject.m in Sources */,
				FA503DF514A5704B00BFE121 /* ANBasicCodeObject.m in Sources */,
				FA503DFA14A5705C00BFE121 /* ANBasicForLoopControl.m in Sources */,
				FA503DFB14A5705C00BFE121 /* ANBasicControlObject.m in Sources */,
			);
			runOnlyForDeploymentPostprocessing = 0;
		};
/* End PBXSourcesBuildPhase section */

/* Begin XCBuildConfiguration section */
		FA50F48F149CE20C0080E7B6 /* Debug */ = {
			isa = XCBuildConfiguration;
			buildSettings = {
				ALWAYS_SEARCH_USER_PATHS = NO;
				ARCHS = "$(ARCHS_STANDARD_64_BIT)";
				CLANG_ENABLE_OBJC_ARC = YES;
				COPY_PHASE_STRIP = NO;
				GCC_C_LANGUAGE_STANDARD = gnu99;
				GCC_DYNAMIC_NO_PIC = NO;
				GCC_ENABLE_OBJC_EXCEPTIONS = YES;
				GCC_OPTIMIZATION_LEVEL = 0;
				GCC_PREPROCESSOR_DEFINITIONS = (
					"DEBUG=1",
					"$(inherited)",
				);
				GCC_SYMBOLS_PRIVATE_EXTERN = NO;
				GCC_VERSION = com.apple.compilers.llvm.clang.1_0;
				GCC_WARN_64_TO_32_BIT_CONVERSION = YES;
				GCC_WARN_ABOUT_MISSING_PROTOTYPES = YES;
				GCC_WARN_ABOUT_RETURN_TYPE = YES;
				GCC_WARN_UNUSED_VARIABLE = YES;
				MACOSX_DEPLOYMENT_TARGET = 10.7;
				ONLY_ACTIVE_ARCH = YES;
				SDKROOT = macosx;
			};
			name = Debug;
		};
		FA50F490149CE20C0080E7B6 /* Release */ = {
			isa = XCBuildConfiguration;
			buildSettings = {
				ALWAYS_SEARCH_USER_PATHS = NO;
				ARCHS = "$(ARCHS_STANDARD_64_BIT)";
				CLANG_ENABLE_OBJC_ARC = YES;
				COPY_PHASE_STRIP = YES;
				DEBUG_INFORMATION_FORMAT = "dwarf-with-dsym";
				GCC_C_LANGUAGE_STANDARD = gnu99;
				GCC_ENABLE_OBJC_EXCEPTIONS = YES;
				GCC_VERSION = com.apple.compilers.llvm.clang.1_0;
				GCC_WARN_64_TO_32_BIT_CONVERSION = YES;
				GCC_WARN_ABOUT_MISSING_PROTOTYPES = YES;
				GCC_WARN_ABOUT_RETURN_TYPE = YES;
				GCC_WARN_UNUSED_VARIABLE = YES;
				MACOSX_DEPLOYMENT_TARGET = 10.7;
				SDKROOT = macosx;
			};
			name = Release;
		};
		FA50F492149CE20C0080E7B6 /* Debug */ = {
			isa = XCBuildConfiguration;
			buildSettings = {
				GCC_PRECOMPILE_PREFIX_HEADER = YES;
				GCC_PREFIX_HEADER = "ANBasicCompiler/ANBasicCompiler-Prefix.pch";
				PRODUCT_NAME = "$(TARGET_NAME)";
			};
			name = Debug;
		};
		FA50F493149CE20C0080E7B6 /* Release */ = {
			isa = XCBuildConfiguration;
			buildSettings = {
				GCC_PRECOMPILE_PREFIX_HEADER = YES;
				GCC_PREFIX_HEADER = "ANBasicCompiler/ANBasicCompiler-Prefix.pch";
				PRODUCT_NAME = "$(TARGET_NAME)";
			};
			name = Release;
		};
/* End XCBuildConfiguration section */

/* Begin XCConfigurationList section */
		FA50F47C149CE20C0080E7B6 /* Build configuration list for PBXProject "ANBasicCompiler" */ = {
			isa = XCConfigurationList;
			buildConfigurations = (
				FA50F48F149CE20C0080E7B6 /* Debug */,
				FA50F490149CE20C0080E7B6 /* Release */,
			);
			defaultConfigurationIsVisible = 0;
			defaultConfigurationName = Release;
		};
		FA50F491149CE20C0080E7B6 /* Build configuration list for PBXNativeTarget "ANBasicCompiler" */ = {
			isa = XCConfigurationList;
			buildConfigurations = (
				FA50F492149CE20C0080E7B6 /* Debug */,
				FA50F493149CE20C0080E7B6 /* Release */,
			);
			defaultConfigurationIsVisible = 0;
			defaultConfigurationName = Release;
		};
/* End XCConfigurationList section */
	};
	rootObject = FA50F479149CE20C0080E7B6 /* Project object */;
}
